{
  "version": 4,
  "terraform_version": "1.1.4",
  "serial": 2203,
  "lineage": "7fe3d908-7b39-b150-18eb-1bcbadeda3ed",
  "outputs": {
    "jenkins_private_dns": {
      "value": "ip-10-10-50-196.eu-central-1.compute.internal",
      "type": "string"
    },
    "jenkins_private_ip": {
      "value": "10.10.50.196",
      "type": "string"
    },
    "jenkins_public_dns": {
      "value": "ec2-18-195-39-212.eu-central-1.compute.amazonaws.com",
      "type": "string"
    },
    "jenkins_public_ip": {
      "value": "18.195.39.212",
      "type": "string"
    },
    "jenkins_public_ip4": {
      "value": true,
      "type": "bool"
    }
  },
  "resources": [
    {
      "mode": "data",
      "type": "aws_ami",
      "name": "ubuntu",
      "provider": "provider[\"registry.terraform.io/hashicorp/aws\"]",
      "instances": [
        {
          "schema_version": 0,
          "attributes": {
            "architecture": "x86_64",
            "arn": "arn:aws:ec2:eu-central-1::image/ami-05b308c240ae70bb6",
            "block_device_mappings": [
              {
                "device_name": "/dev/sda1",
                "ebs": {
                  "delete_on_termination": "true",
                  "encrypted": "false",
                  "iops": "0",
                  "snapshot_id": "snap-045564e97b37c30ff",
                  "throughput": "0",
                  "volume_size": "8",
                  "volume_type": "gp2"
                },
                "no_device": "",
                "virtual_name": ""
              },
              {
                "device_name": "/dev/sdb",
                "ebs": {},
                "no_device": "",
                "virtual_name": "ephemeral0"
              },
              {
                "device_name": "/dev/sdc",
                "ebs": {},
                "no_device": "",
                "virtual_name": "ephemeral1"
              }
            ],
            "creation_date": "2022-02-01T00:17:18.000Z",
            "description": "Canonical, Ubuntu, 20.04 LTS, amd64 focal image build on 2022-01-31",
            "ena_support": true,
            "executable_users": null,
            "filter": [
              {
                "name": "name",
                "values": [
                  "ubuntu/images/hvm-ssd/ubuntu-focal-20.04-amd64-server-*"
                ]
              },
              {
                "name": "virtualization-type",
                "values": [
                  "hvm"
                ]
              }
            ],
            "hypervisor": "xen",
            "id": "ami-05b308c240ae70bb6",
            "image_id": "ami-05b308c240ae70bb6",
            "image_location": "099720109477/ubuntu/images/hvm-ssd/ubuntu-focal-20.04-amd64-server-20220131",
            "image_owner_alias": null,
            "image_type": "machine",
            "kernel_id": null,
            "most_recent": true,
            "name": "ubuntu/images/hvm-ssd/ubuntu-focal-20.04-amd64-server-20220131",
            "name_regex": null,
            "owner_id": "099720109477",
            "owners": [
              "099720109477"
            ],
            "platform": null,
            "platform_details": "Linux/UNIX",
            "product_codes": [],
            "public": true,
            "ramdisk_id": null,
            "root_device_name": "/dev/sda1",
            "root_device_type": "ebs",
            "root_snapshot_id": "snap-045564e97b37c30ff",
            "sriov_net_support": "simple",
            "state": "available",
            "state_reason": {
              "code": "UNSET",
              "message": "UNSET"
            },
            "tags": {},
            "usage_operation": "RunInstances",
            "virtualization_type": "hvm"
          },
          "sensitive_attributes": []
        }
      ]
    },
    {
      "mode": "data",
      "type": "aws_ecs_task_definition",
      "name": "main",
      "provider": "provider[\"registry.terraform.io/hashicorp/aws\"]",
      "instances": [
        {
          "schema_version": 0,
          "attributes": {
            "arn": "arn:aws:ecs:eu-central-1:934086672967:task-definition/what-backend-task:169",
            "family": "what-backend-task",
            "id": "arn:aws:ecs:eu-central-1:934086672967:task-definition/what-backend-task:169",
            "network_mode": "awsvpc",
            "revision": 169,
            "status": "ACTIVE",
            "task_definition": "what-backend-task",
            "task_role_arn": "arn:aws:iam::934086672967:role/what-backend-execution-task-role"
          },
          "sensitive_attributes": []
        }
      ]
    },
    {
      "mode": "data",
      "type": "aws_ecs_task_definition",
      "name": "main_panel",
      "provider": "provider[\"registry.terraform.io/hashicorp/aws\"]",
      "instances": [
        {
          "schema_version": 0,
          "attributes": {
            "arn": "arn:aws:ecs:eu-central-1:934086672967:task-definition/what-backend-panel-task:28",
            "family": "what-backend-panel-task",
            "id": "arn:aws:ecs:eu-central-1:934086672967:task-definition/what-backend-panel-task:28",
            "network_mode": "awsvpc",
            "revision": 28,
            "status": "ACTIVE",
            "task_definition": "what-backend-panel-task",
            "task_role_arn": "arn:aws:iam::934086672967:role/what-backend-execution-task-role"
          },
          "sensitive_attributes": []
        }
      ]
    },
    {
      "mode": "data",
      "type": "aws_iam_policy_document",
      "name": "assume_role_policy",
      "provider": "provider[\"registry.terraform.io/hashicorp/aws\"]",
      "instances": [
        {
          "schema_version": 0,
          "attributes": {
            "id": "320642683",
            "json": "{\n  \"Version\": \"2012-10-17\",\n  \"Statement\": [\n    {\n      \"Sid\": \"\",\n      \"Effect\": \"Allow\",\n      \"Action\": \"sts:AssumeRole\",\n      \"Principal\": {\n        \"Service\": \"ecs-tasks.amazonaws.com\"\n      }\n    }\n  ]\n}",
            "override_json": null,
            "override_policy_documents": null,
            "policy_id": null,
            "source_json": null,
            "source_policy_documents": null,
            "statement": [
              {
                "actions": [
                  "sts:AssumeRole"
                ],
                "condition": [],
                "effect": "Allow",
                "not_actions": [],
                "not_principals": [],
                "not_resources": [],
                "principals": [
                  {
                    "identifiers": [
                      "ecs-tasks.amazonaws.com"
                    ],
                    "type": "Service"
                  }
                ],
                "resources": [],
                "sid": ""
              }
            ],
            "version": "2012-10-17"
          },
          "sensitive_attributes": []
        }
      ]
    },
    {
      "mode": "data",
      "type": "template_file",
      "name": "env_vars",
      "provider": "provider[\"registry.terraform.io/hashicorp/template\"]",
      "instances": [
        {
          "schema_version": 0,
          "attributes": {
            "filename": null,
            "id": "2bba43f104e1fcf02116d516f209b49ff39a5f5198637bad22e1c2c4d4817a9e",
            "rendered": "{\n    \"NET_ENV\": \"release\"\n  }",
            "template": "{\n    \"NET_ENV\": \"release\"\n  }",
            "vars": null
          },
          "sensitive_attributes": []
        }
      ]
    },
    {
      "mode": "data",
      "type": "template_file",
      "name": "jenkins_casc",
      "provider": "provider[\"registry.terraform.io/hashicorp/template\"]",
      "instances": [
        {
          "schema_version": 0,
          "attributes": {
            "filename": null,
            "id": "d5035d3b6ccecb9ac6d6de8772a85d2d11b1eb0c2e51b184dc1e3082a9041b79",
            "rendered": "---\ncredentials:\n  system:\n    domainCredentials:\n    - credentials:\n      - usernamePassword:\n          id: \"github_token\"\n          username: \"anmorgul@gmail.com\"\n          password: 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\n          description: \"Token for github\"\n          scope: GLOBAL\n      - string:\n          description: \"AWS_ACCOUNT\"\n          id: \"AWS_ACCOUNT\"\n          scope: GLOBAL\n          secret: 934086672967\n      - string:\n          description: \"AWS_REGION\"\n          id: \"AWS_REGION\"\n          scope: GLOBAL\n          secret: eu-central-1\n      - string:\n          description: \"sonarProjectKey\"\n          id: \"sonarProjectKey\"\n          scope: GLOBAL\n          secret: \"jenkins_what_front\"\n      # - basicSSHUserPrivateKey:\n      #     id: jenkins_node_ssh_key\n      #     username: ubuntu\n      #     # passphrase: \n      #     description: \"node1 SSH private key file.\"\n      #     privateKeySource:\n      #       directEntry:\n      #         privateKey: |\n      #           {{ lookup('file', './id_rsa_jenkinsmain')  | indent(16) }}\n      - basicSSHUserPrivateKey:\n          id: dev_ssh_key\n          username: jenkins\n          # passphrase:\n          description: \"dev SSH private key file.\"\n          privateKeySource:\n            directEntry:\n              privateKey: |\n                {{ lookup('file', './id_rsa_jenkinsmain')  | indent(16) }}\n      - basicSSHUserPrivateKey:\n          id: prod_ssh_key\n          username: jenkins\n          description: \"prod SSH private key file.\"\n          privateKeySource:\n            directEntry:\n              privateKey: |\n                {{ lookup('file', './id_rsa_jenkinsmain')  | indent(16) }}\n      - string:\n          description: \"sonartoken\"\n          id: \"sonartoken\"\n          scope: GLOBAL\n          secret: 15373bb1f498a29ede21cacd687bb105dec45d1f\n      - string:\n          description: \"Telegram Token\"\n          id: \"telegramToken\"\n          scope: GLOBAL\n          secret: 5057295016:AAFWX5eitw9tKyiPtLB1FWYI3iVvP5Fmt4g\n      - string:\n          description: \"telegram bot name\"\n          id: \"telegram_bot_name\"\n          scope: GLOBAL\n          secret: jenkins_anm_bot\n      - string:\n          description: \"telegram channel id\"\n          id: \"telegram_channel_id\"\n          scope: GLOBAL\n          secret: -1001721361023\n      - basicSSHUserPrivateKey:\n          id: jenkins_node_ssh_key\n          username: ubuntu\n          # passphrase: \n          description: \"node1 SSH private key file.\"\n          privateKeySource:\n            directEntry:\n              privateKey: |\n                -----BEGIN OPENSSH PRIVATE KEY-----\n                b3BlbnNzaC1rZXktdjEAAAAABG5vbmUAAAAEbm9uZQAAAAAAAAABAAACFwAAAAdzc2gtcn\n                NhAAAAAwEAAQAAAgEAuuvjkoNe0P4wlr+1xPNwdCAwZFnJkpAqpYv+14CkZektSYEz2jQY\n                Muv/WcGiLVCFBg8ap1KdIj2rHnXZxXAIpSB6JPweqZ8QQKtzNhM+7ZZnYsUpBNyrxMCxEf\n                oTKgIKeW0tlcF2RUnyU6C9PQHqijd+jHtj+LtmGoZYY/varq5XDBGII44gXl3sPerfbf7p\n                DPDP0uD1FGJizJoVF9o5QQc9kx7n3CUZnGZytPWp3fko9hzBNbw5J0BtlkOXZdCGgiE6NB\n                WU3FUeoaYwpPhMxH0xfDfatJodvUMflvK+9Xz+0nI1BxdA+4ofrpWhrYrAmy0LD/DS2emC\n                PFdb8onAL6H3rR56pC4Ks8xGCax7WxjE0oklYYMmeQTDVbd+4CdFMr5uj0sw5uQP0oEMCU\n                hqL75b77T09ZKcSOgsy0MlA5SjCOysU8W0dRy4N3JCF/DZqPGKUBmRiAXdXxr7xfaYFFAt\n                fJ5lfBpuw4HFDxIWVD0oY95QyxYjXr0X7sRT/4ieSxTA9w55HqAFUDFlrdpp6H2BW/TaCR\n                6lCVwpR460qU4jD5aeJk/An4uULoVqoa+D9XLDDjXmxtP/xLGwscm/hveTpVBQPuXph9r/\n                v9QQ6w9LF6lSpRAyQexhcVkuKsTsNP9cEJH8Vt/XY74Yumh21l1TmYuroFEA9GE/BzuDk3\n                UAAAdAVg2celYNnHoAAAAHc3NoLXJzYQAAAgEAuuvjkoNe0P4wlr+1xPNwdCAwZFnJkpAq\n                pYv+14CkZektSYEz2jQYMuv/WcGiLVCFBg8ap1KdIj2rHnXZxXAIpSB6JPweqZ8QQKtzNh\n                M+7ZZnYsUpBNyrxMCxEfoTKgIKeW0tlcF2RUnyU6C9PQHqijd+jHtj+LtmGoZYY/varq5X\n                DBGII44gXl3sPerfbf7pDPDP0uD1FGJizJoVF9o5QQc9kx7n3CUZnGZytPWp3fko9hzBNb\n                w5J0BtlkOXZdCGgiE6NBWU3FUeoaYwpPhMxH0xfDfatJodvUMflvK+9Xz+0nI1BxdA+4of\n                rpWhrYrAmy0LD/DS2emCPFdb8onAL6H3rR56pC4Ks8xGCax7WxjE0oklYYMmeQTDVbd+4C\n                dFMr5uj0sw5uQP0oEMCUhqL75b77T09ZKcSOgsy0MlA5SjCOysU8W0dRy4N3JCF/DZqPGK\n                UBmRiAXdXxr7xfaYFFAtfJ5lfBpuw4HFDxIWVD0oY95QyxYjXr0X7sRT/4ieSxTA9w55Hq\n                AFUDFlrdpp6H2BW/TaCR6lCVwpR460qU4jD5aeJk/An4uULoVqoa+D9XLDDjXmxtP/xLGw\n                scm/hveTpVBQPuXph9r/v9QQ6w9LF6lSpRAyQexhcVkuKsTsNP9cEJH8Vt/XY74Yumh21l\n                1TmYuroFEA9GE/BzuDk3UAAAADAQABAAACAQCTLT0IlavIfvyfFd/3bX6z0MyJlzDh1+Xc\n                Z3iHEmFfZNQltjevrakIH031zEL3zxiOhsID0UasOUZNO5n2nZoQ+ptyF5nFENtpMBYNE+\n                ZOiEhrOrZrf5031EkX0IHaZ7T7mv1zltqa//hv5HZcXO/hWISp9FXo+RUR+YoLX7j2JYug\n                kwVQiY3u/6ENt6upHjc92zan4jzWigkk9IV7PHYsP5k6B/GkIwohXYEf/vZ7Mr4P2uA+gS\n                +3OkGPOTUyE5h1SdhcPknxmov9168hlehMJg8asZfg8CBOb1WmMwgsnvi9lvMt3B9sb3s2\n                qdadoEy7YiH9sS80KWpEPLzHIbNR9V81ClB8psOhKmbFY+WD/UjtP9j5CPrK8aE2qU3tzq\n                zQOn8EFkRsy+QJEWi4JBjMTjrTDlE/KRiTNXB/GR8MjGK6ZFy7zFa4Eo7Aw2wceEc2XC0G\n                vRnVoIoiRLNBLxpG3xdF+D144NFaiYLO7jzhc5cQSAtQXwmxiGEJRPtValbKulNgGxtp/F\n                QjISkRXcQW0F7UBwSFYSc4x4BYvQ5HV+HvA0wU+F/amGCv6grRrAHUIjchY34cSQO4EDXF\n                bEf1UrM7VrWfq/mpuFtQ5bXbW5L5HxUBWJjuZxVtbRQkP6V9ihuwVZX96U+Kq6TrkWJpeW\n                nXqlrsBpZPT6Y5rs94gQAAAQEAr0LJE4Tc+g9tq3TFvhDBaVxIR3OFbFATLPd1Bw9HuGnw\n                PnHDrQR53+d2kJQuUZZcgOctPmZ4/CiIVgWpdEylEsGGRi880VaKNREDjztMEss3Iq/umD\n                VlQ0a+82vgvMFeE0SNPVQW4VZmGh7ZXqZydcnuHxY9e1ZRakGCdmoaDrCpbLyqwO/+xBZR\n                wXtShhurLZx5hKoEqfOA3LqoGXfzU98GEVYkZSblXCXLpYqrUns652O/QS8p1rRoU21Ypq\n                qSNHn8KN6bSGzc53IpTJ0NofTdQRPelI+if+6j4bbJjxOdmhFiblcj8K4fDdDUrdFa9FPB\n                B0Zfmlsb9pqK+2uUCQAAAQEA4Y27TNq4oOMs2KOwGnf6FFAUXUc/85WniTvnmdIWkxyMiS\n                TZ3UiCC6x5aZIFFOAjIZuu62nrqyFmzk5t/UXbPPD/cBUJYPC4iII9dTo4mgGnP2tFQ5vL\n                kQ5irY/mj6dyAyxGQUaNHlb6hmGlcCcuYiFCllYVD27jKv3Ec5VHzV3SO4Xdux3aA8Vjen\n                nYmU8Fy+ZWmuXkNuBfS4gQfiEjtQm83zA3PdyccenPEv/QDwnJA0aiOuN9MmhSL6IZepcv\n                DrRGeAMUQLgrKZVdX3KyHMdDUSnbWcb0NCQQeG2jcNNckcpVmmdGLOJk3aNBYD922wI4jQ\n                DbvOy9z8w1966CEQAAAQEA1CctQSvWM+dcfrFSx8RBUn+qGFmOvmik4/pn7AWYNpw1GYUM\n                xGVqv1Iby7ZqGOJDvopAKpwHJOi1mbJJqKpQa7O1xL+xTN6fnCoNs+aLbRc3lfIPmQaFTr\n                LuqU24UTQOBKl51h+h6JCoxUQ8NsQ8gWEQhGq1qEaulHDlZX01xgGhULPKBpyKQTvUW/ls\n                doIpaAFV6N5sN5GTZjjacegvZOHscYDDwfbPRqfmmiRGMANEN/Ieonr/sjN/Ji3hkt55sO\n                3TqHZU2xpVm8pJDMUISszVMoi7hBpTDDssVoJ4IP/irfUjO2sEk+TF6Hzl/rsav/KJw4I0\n                V+ZYBAf6yKdXJQAAAAdqZW5raW5zAQI=\n                -----END OPENSSH PRIVATE KEY-----   \n      - aws:\n          accessKey: \"AKIA5S67HQJDSDQQLKHZ\"\n          description: \"AWS creds\"\n          id: \"aws_creds\"\n          scope: GLOBAL\n          secretKey: 4xx2jsyuilZt+JetJdBuKqSn/jwjwjcBjsMsddNY\njenkins:\n  authorizationStrategy:\n    globalMatrix:\n      permissions:\n        - \"USER:Job/Build:admin\"\n        - \"USER:Job/Cancel:admin\"\n        - \"USER:Job/Read:admin\"\n        - \"USER:Job/Workspace:admin\"\n        - \"USER:Overall/Administer:admin\"\n        - \"USER:Overall/Read:authenticated\"\n  markupFormatter: \"plainText\"\n  mode: NORMAL\n  myViewsTabBar: \"standard\"\n  nodes:\n    - permanent:\n        labelString: nodejs\n        launcher:\n          ssh:\n            host:  10.10.50.226\n            port: 22\n            credentialsId: \"jenkins_node_ssh_key\"\n            maxNumRetries: 10\n            retryWaitTime: 15\n            sshHostKeyVerificationStrategy: \"NonVerifyingKeyVerificationStrategy\"\n            tcpNoDelay: true\n        # mode\n        name: \"Name-jenkinsnode1-agent\"\n        nodeDescription: \"jenkinsnode1 agent\"\n        nodeName: \"nodeName-jenkinsnode1-agent\"\n        # nodeProperties\n        numExecutors: 1\n        remoteFS: \"/home/ubuntu\"\n        # retentionStrategy\n  numExecutors: 2 \n  primaryView:\n    all:\n      name: \"all\"\n  projectNamingStrategy: \"standard\"\n  quietPeriod: 5\n  securityRealm:\n    local:\n      allowsSignup: false\n      users:\n        - id: \"admin\"\n          password: \"adminpassword\"\n  slaveAgentPort: 50000\n  updateCenter:\n    sites:\n    - id: \"default\"\n      url: \"https://updates.jenkins.io/update-center.json\"\n  views:\n  - all:\n      name: \"all\"\n  viewsTabBar: \"standard\"\nunclassified:\n  gitHubPluginConfig:\n    hookUrl: \"127.0.0.1/qwerty/\"\n  sonarGlobalConfiguration:\n    buildWrapperEnabled: false\n    installations:\n    - credentialsId: \"sonartoken\"\n      name: \"SonarQube9000\"\n      serverUrl: \"http://62.171.182.32:9000\"\n      triggers:\n        skipScmCause: false\n        skipUpstreamCause: false\n  telegramBotGlobalConfiguration:\n    approvalType: ALL\n    botName: \"jenkins_anm_bot\"\n    botToken: 5057295016:AAFWX5eitw9tKyiPtLB1FWYI3iVvP5Fmt4g\n    shouldLogToConsole: false\nsecurity:\n  scriptApproval:\n    approvedSignatures:\n    - \"new java.io.File java.lang.String\"\ntool:\n  ansibleInstallation:\n    installations:\n    - home: \"./jenkins\"\n      name: \"What_Ansible\"\n  dockerTool:\n    installations:\n    - name: \"Docker\"\n  git:\n    installations:\n    - home: \"git\"\n      name: \"Default\"\n  mavenGlobalConfig:\n    globalSettingsProvider: \"standard\"\n    settingsProvider: \"standard\"\n  sonarRunnerInstallation:\n    installations:\n    - name: \"SonarQubeScannerMaven\"\n      properties:\n      - installSource:\n          installers:\n          - sonarRunnerInstaller:\n              id: \"4.6.2.2472\"\njobs:\n  - file: /usr/local/seedjob_multipipeline_front.groovy\n  - file: /usr/local/seedjob_multipipeline_back.groovy\n...",
            "template": "---\ncredentials:\n  system:\n    domainCredentials:\n    - credentials:\n      - usernamePassword:\n          id: \"github_token\"\n          username: \"anmorgul@gmail.com\"\n          password: ${github_token}\n          description: \"Token for github\"\n          scope: GLOBAL\n      - string:\n          description: \"AWS_ACCOUNT\"\n          id: \"AWS_ACCOUNT\"\n          scope: GLOBAL\n          secret: ${AWS_ACCOUNT}\n      - string:\n          description: \"AWS_REGION\"\n          id: \"AWS_REGION\"\n          scope: GLOBAL\n          secret: ${AWS_REGION}\n      - string:\n          description: \"sonarProjectKey\"\n          id: \"sonarProjectKey\"\n          scope: GLOBAL\n          secret: \"jenkins_what_front\"\n      # - basicSSHUserPrivateKey:\n      #     id: jenkins_node_ssh_key\n      #     username: ubuntu\n      #     # passphrase: \n      #     description: \"node1 SSH private key file.\"\n      #     privateKeySource:\n      #       directEntry:\n      #         privateKey: |\n      #           {{ lookup('file', './id_rsa_jenkinsmain')  | indent(16) }}\n      - basicSSHUserPrivateKey:\n          id: dev_ssh_key\n          username: jenkins\n          # passphrase:\n          description: \"dev SSH private key file.\"\n          privateKeySource:\n            directEntry:\n              privateKey: |\n                {{ lookup('file', './id_rsa_jenkinsmain')  | indent(16) }}\n      - basicSSHUserPrivateKey:\n          id: prod_ssh_key\n          username: jenkins\n          description: \"prod SSH private key file.\"\n          privateKeySource:\n            directEntry:\n              privateKey: |\n                {{ lookup('file', './id_rsa_jenkinsmain')  | indent(16) }}\n      - string:\n          description: \"sonartoken\"\n          id: \"sonartoken\"\n          scope: GLOBAL\n          secret: ${sonartoken}\n      - string:\n          description: \"Telegram Token\"\n          id: \"telegramToken\"\n          scope: GLOBAL\n          secret: ${Telegram_Token}\n      - string:\n          description: \"telegram bot name\"\n          id: \"telegram_bot_name\"\n          scope: GLOBAL\n          secret: ${telegram_bot_name}\n      - string:\n          description: \"telegram channel id\"\n          id: \"telegram_channel_id\"\n          scope: GLOBAL\n          secret: ${telegram_channel_id}\n      - basicSSHUserPrivateKey:\n          id: jenkins_node_ssh_key\n          username: ubuntu\n          # passphrase: \n          description: \"node1 SSH private key file.\"\n          privateKeySource:\n            directEntry:\n              privateKey: |\n                -----BEGIN OPENSSH PRIVATE KEY-----\n                b3BlbnNzaC1rZXktdjEAAAAABG5vbmUAAAAEbm9uZQAAAAAAAAABAAACFwAAAAdzc2gtcn\n                NhAAAAAwEAAQAAAgEAuuvjkoNe0P4wlr+1xPNwdCAwZFnJkpAqpYv+14CkZektSYEz2jQY\n                Muv/WcGiLVCFBg8ap1KdIj2rHnXZxXAIpSB6JPweqZ8QQKtzNhM+7ZZnYsUpBNyrxMCxEf\n                oTKgIKeW0tlcF2RUnyU6C9PQHqijd+jHtj+LtmGoZYY/varq5XDBGII44gXl3sPerfbf7p\n                DPDP0uD1FGJizJoVF9o5QQc9kx7n3CUZnGZytPWp3fko9hzBNbw5J0BtlkOXZdCGgiE6NB\n                WU3FUeoaYwpPhMxH0xfDfatJodvUMflvK+9Xz+0nI1BxdA+4ofrpWhrYrAmy0LD/DS2emC\n                PFdb8onAL6H3rR56pC4Ks8xGCax7WxjE0oklYYMmeQTDVbd+4CdFMr5uj0sw5uQP0oEMCU\n                hqL75b77T09ZKcSOgsy0MlA5SjCOysU8W0dRy4N3JCF/DZqPGKUBmRiAXdXxr7xfaYFFAt\n                fJ5lfBpuw4HFDxIWVD0oY95QyxYjXr0X7sRT/4ieSxTA9w55HqAFUDFlrdpp6H2BW/TaCR\n                6lCVwpR460qU4jD5aeJk/An4uULoVqoa+D9XLDDjXmxtP/xLGwscm/hveTpVBQPuXph9r/\n                v9QQ6w9LF6lSpRAyQexhcVkuKsTsNP9cEJH8Vt/XY74Yumh21l1TmYuroFEA9GE/BzuDk3\n                UAAAdAVg2celYNnHoAAAAHc3NoLXJzYQAAAgEAuuvjkoNe0P4wlr+1xPNwdCAwZFnJkpAq\n                pYv+14CkZektSYEz2jQYMuv/WcGiLVCFBg8ap1KdIj2rHnXZxXAIpSB6JPweqZ8QQKtzNh\n                M+7ZZnYsUpBNyrxMCxEfoTKgIKeW0tlcF2RUnyU6C9PQHqijd+jHtj+LtmGoZYY/varq5X\n                DBGII44gXl3sPerfbf7pDPDP0uD1FGJizJoVF9o5QQc9kx7n3CUZnGZytPWp3fko9hzBNb\n                w5J0BtlkOXZdCGgiE6NBWU3FUeoaYwpPhMxH0xfDfatJodvUMflvK+9Xz+0nI1BxdA+4of\n                rpWhrYrAmy0LD/DS2emCPFdb8onAL6H3rR56pC4Ks8xGCax7WxjE0oklYYMmeQTDVbd+4C\n                dFMr5uj0sw5uQP0oEMCUhqL75b77T09ZKcSOgsy0MlA5SjCOysU8W0dRy4N3JCF/DZqPGK\n                UBmRiAXdXxr7xfaYFFAtfJ5lfBpuw4HFDxIWVD0oY95QyxYjXr0X7sRT/4ieSxTA9w55Hq\n                AFUDFlrdpp6H2BW/TaCR6lCVwpR460qU4jD5aeJk/An4uULoVqoa+D9XLDDjXmxtP/xLGw\n                scm/hveTpVBQPuXph9r/v9QQ6w9LF6lSpRAyQexhcVkuKsTsNP9cEJH8Vt/XY74Yumh21l\n                1TmYuroFEA9GE/BzuDk3UAAAADAQABAAACAQCTLT0IlavIfvyfFd/3bX6z0MyJlzDh1+Xc\n                Z3iHEmFfZNQltjevrakIH031zEL3zxiOhsID0UasOUZNO5n2nZoQ+ptyF5nFENtpMBYNE+\n                ZOiEhrOrZrf5031EkX0IHaZ7T7mv1zltqa//hv5HZcXO/hWISp9FXo+RUR+YoLX7j2JYug\n                kwVQiY3u/6ENt6upHjc92zan4jzWigkk9IV7PHYsP5k6B/GkIwohXYEf/vZ7Mr4P2uA+gS\n                +3OkGPOTUyE5h1SdhcPknxmov9168hlehMJg8asZfg8CBOb1WmMwgsnvi9lvMt3B9sb3s2\n                qdadoEy7YiH9sS80KWpEPLzHIbNR9V81ClB8psOhKmbFY+WD/UjtP9j5CPrK8aE2qU3tzq\n                zQOn8EFkRsy+QJEWi4JBjMTjrTDlE/KRiTNXB/GR8MjGK6ZFy7zFa4Eo7Aw2wceEc2XC0G\n                vRnVoIoiRLNBLxpG3xdF+D144NFaiYLO7jzhc5cQSAtQXwmxiGEJRPtValbKulNgGxtp/F\n                QjISkRXcQW0F7UBwSFYSc4x4BYvQ5HV+HvA0wU+F/amGCv6grRrAHUIjchY34cSQO4EDXF\n                bEf1UrM7VrWfq/mpuFtQ5bXbW5L5HxUBWJjuZxVtbRQkP6V9ihuwVZX96U+Kq6TrkWJpeW\n                nXqlrsBpZPT6Y5rs94gQAAAQEAr0LJE4Tc+g9tq3TFvhDBaVxIR3OFbFATLPd1Bw9HuGnw\n                PnHDrQR53+d2kJQuUZZcgOctPmZ4/CiIVgWpdEylEsGGRi880VaKNREDjztMEss3Iq/umD\n                VlQ0a+82vgvMFeE0SNPVQW4VZmGh7ZXqZydcnuHxY9e1ZRakGCdmoaDrCpbLyqwO/+xBZR\n                wXtShhurLZx5hKoEqfOA3LqoGXfzU98GEVYkZSblXCXLpYqrUns652O/QS8p1rRoU21Ypq\n                qSNHn8KN6bSGzc53IpTJ0NofTdQRPelI+if+6j4bbJjxOdmhFiblcj8K4fDdDUrdFa9FPB\n                B0Zfmlsb9pqK+2uUCQAAAQEA4Y27TNq4oOMs2KOwGnf6FFAUXUc/85WniTvnmdIWkxyMiS\n                TZ3UiCC6x5aZIFFOAjIZuu62nrqyFmzk5t/UXbPPD/cBUJYPC4iII9dTo4mgGnP2tFQ5vL\n                kQ5irY/mj6dyAyxGQUaNHlb6hmGlcCcuYiFCllYVD27jKv3Ec5VHzV3SO4Xdux3aA8Vjen\n                nYmU8Fy+ZWmuXkNuBfS4gQfiEjtQm83zA3PdyccenPEv/QDwnJA0aiOuN9MmhSL6IZepcv\n                DrRGeAMUQLgrKZVdX3KyHMdDUSnbWcb0NCQQeG2jcNNckcpVmmdGLOJk3aNBYD922wI4jQ\n                DbvOy9z8w1966CEQAAAQEA1CctQSvWM+dcfrFSx8RBUn+qGFmOvmik4/pn7AWYNpw1GYUM\n                xGVqv1Iby7ZqGOJDvopAKpwHJOi1mbJJqKpQa7O1xL+xTN6fnCoNs+aLbRc3lfIPmQaFTr\n                LuqU24UTQOBKl51h+h6JCoxUQ8NsQ8gWEQhGq1qEaulHDlZX01xgGhULPKBpyKQTvUW/ls\n                doIpaAFV6N5sN5GTZjjacegvZOHscYDDwfbPRqfmmiRGMANEN/Ieonr/sjN/Ji3hkt55sO\n                3TqHZU2xpVm8pJDMUISszVMoi7hBpTDDssVoJ4IP/irfUjO2sEk+TF6Hzl/rsav/KJw4I0\n                V+ZYBAf6yKdXJQAAAAdqZW5raW5zAQI=\n                -----END OPENSSH PRIVATE KEY-----   \n      - aws:\n          accessKey: \"AKIA5S67HQJDSDQQLKHZ\"\n          description: \"AWS creds\"\n          id: \"aws_creds\"\n          scope: GLOBAL\n          secretKey: ${aws_secretKey}\njenkins:\n  authorizationStrategy:\n    globalMatrix:\n      permissions:\n        - \"USER:Job/Build:admin\"\n        - \"USER:Job/Cancel:admin\"\n        - \"USER:Job/Read:admin\"\n        - \"USER:Job/Workspace:admin\"\n        - \"USER:Overall/Administer:admin\"\n        - \"USER:Overall/Read:authenticated\"\n  markupFormatter: \"plainText\"\n  mode: NORMAL\n  myViewsTabBar: \"standard\"\n  nodes:\n    - permanent:\n        labelString: nodejs\n        launcher:\n          ssh:\n            host:  ${jenkins_node01_ip}\n            port: 22\n            credentialsId: \"jenkins_node_ssh_key\"\n            maxNumRetries: 10\n            retryWaitTime: 15\n            sshHostKeyVerificationStrategy: \"NonVerifyingKeyVerificationStrategy\"\n            tcpNoDelay: true\n        # mode\n        name: \"Name-jenkinsnode1-agent\"\n        nodeDescription: \"jenkinsnode1 agent\"\n        nodeName: \"nodeName-jenkinsnode1-agent\"\n        # nodeProperties\n        numExecutors: 1\n        remoteFS: \"/home/ubuntu\"\n        # retentionStrategy\n  numExecutors: 2 \n  primaryView:\n    all:\n      name: \"all\"\n  projectNamingStrategy: \"standard\"\n  quietPeriod: 5\n  securityRealm:\n    local:\n      allowsSignup: false\n      users:\n        - id: \"admin\"\n          password: \"adminpassword\"\n  slaveAgentPort: 50000\n  updateCenter:\n    sites:\n    - id: \"default\"\n      url: \"https://updates.jenkins.io/update-center.json\"\n  views:\n  - all:\n      name: \"all\"\n  viewsTabBar: \"standard\"\nunclassified:\n  gitHubPluginConfig:\n    hookUrl: \"127.0.0.1/qwerty/\"\n  sonarGlobalConfiguration:\n    buildWrapperEnabled: false\n    installations:\n    - credentialsId: \"sonartoken\"\n      name: \"SonarQube9000\"\n      serverUrl: \"http://62.171.182.32:9000\"\n      triggers:\n        skipScmCause: false\n        skipUpstreamCause: false\n  telegramBotGlobalConfiguration:\n    approvalType: ALL\n    botName: \"jenkins_anm_bot\"\n    botToken: ${TelegramBotToken}\n    shouldLogToConsole: false\nsecurity:\n  scriptApproval:\n    approvedSignatures:\n    - \"new java.io.File java.lang.String\"\ntool:\n  ansibleInstallation:\n    installations:\n    - home: \"./jenkins\"\n      name: \"What_Ansible\"\n  dockerTool:\n    installations:\n    - name: \"Docker\"\n  git:\n    installations:\n    - home: \"git\"\n      name: \"Default\"\n  mavenGlobalConfig:\n    globalSettingsProvider: \"standard\"\n    settingsProvider: \"standard\"\n  sonarRunnerInstallation:\n    installations:\n    - name: \"SonarQubeScannerMaven\"\n      properties:\n      - installSource:\n          installers:\n          - sonarRunnerInstaller:\n              id: \"4.6.2.2472\"\njobs:\n  - file: /usr/local/seedjob_multipipeline_front.groovy\n  - file: /usr/local/seedjob_multipipeline_back.groovy\n...",
            "vars": {
              "AWS_ACCOUNT": "934086672967",
              "AWS_REGION": "eu-central-1",
              "TelegramBotToken": "5057295016:AAFWX5eitw9tKyiPtLB1FWYI3iVvP5Fmt4g",
              "Telegram_Token": "5057295016:AAFWX5eitw9tKyiPtLB1FWYI3iVvP5Fmt4g",
              "aws_secretKey": "4xx2jsyuilZt+JetJdBuKqSn/jwjwjcBjsMsddNY",
              "github_token": "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",
              "jenkins_node01_ip": "10.10.50.226",
              "sonartoken": "15373bb1f498a29ede21cacd687bb105dec45d1f",
              "telegram_bot_name": "jenkins_anm_bot",
              "telegram_channel_id": "-1001721361023"
            }
          },
          "sensitive_attributes": []
        }
      ]
    },
    {
      "mode": "managed",
      "type": "aws_alb",
      "name": "application_load_balancer",
      "provider": "provider[\"registry.terraform.io/hashicorp/aws\"]",
      "instances": [
        {
          "schema_version": 0,
          "attributes": {
            "access_logs": [
              {
                "bucket": "",
                "enabled": false,
                "prefix": ""
              }
            ],
            "arn": "arn:aws:elasticloadbalancing:eu-central-1:934086672967:loadbalancer/app/what-backend-release-alb/abd8fc5f719c700f",
            "arn_suffix": "app/what-backend-release-alb/abd8fc5f719c700f",
            "customer_owned_ipv4_pool": "",
            "desync_mitigation_mode": "defensive",
            "dns_name": "what-backend-release-alb-1252740199.eu-central-1.elb.amazonaws.com",
            "drop_invalid_header_fields": false,
            "enable_cross_zone_load_balancing": null,
            "enable_deletion_protection": false,
            "enable_http2": true,
            "enable_waf_fail_open": false,
            "id": "arn:aws:elasticloadbalancing:eu-central-1:934086672967:loadbalancer/app/what-backend-release-alb/abd8fc5f719c700f",
            "idle_timeout": 60,
            "internal": false,
            "ip_address_type": "ipv4",
            "load_balancer_type": "application",
            "name": "what-backend-release-alb",
            "name_prefix": null,
            "security_groups": [
              "sg-06a7142f72c4787fc"
            ],
            "subnet_mapping": [
              {
                "allocation_id": "",
                "ipv6_address": "",
                "outpost_id": "",
                "private_ipv4_address": "",
                "subnet_id": "subnet-0911abce1050d1e25"
              },
              {
                "allocation_id": "",
                "ipv6_address": "",
                "outpost_id": "",
                "private_ipv4_address": "",
                "subnet_id": "subnet-0b382db18bdff1d2a"
              }
            ],
            "subnets": [
              "subnet-0911abce1050d1e25",
              "subnet-0b382db18bdff1d2a"
            ],
            "tags": {
              "Environment": "release",
              "Name": "what-backend-alb"
            },
            "tags_all": {
              "Environment": "release",
              "Name": "what-backend-alb"
            },
            "timeouts": null,
            "vpc_id": "vpc-016d7d38c79f3ed07",
            "zone_id": "Z215JYRZR1TBD5"
          },
          "sensitive_attributes": [],
          "private": "eyJlMmJmYjczMC1lY2FhLTExZTYtOGY4OC0zNDM2M2JjN2M0YzAiOnsiY3JlYXRlIjo2MDAwMDAwMDAwMDAsImRlbGV0ZSI6NjAwMDAwMDAwMDAwLCJ1cGRhdGUiOjYwMDAwMDAwMDAwMH19",
          "dependencies": [
            "aws_security_group.load_balancer_security_group",
            "aws_subnet.public",
            "aws_vpc.aws-vpc"
          ]
        }
      ]
    },
    {
      "mode": "managed",
      "type": "aws_alb",
      "name": "application_load_balancer_panel",
      "provider": "provider[\"registry.terraform.io/hashicorp/aws\"]",
      "instances": [
        {
          "schema_version": 0,
          "attributes": {
            "access_logs": [
              {
                "bucket": "",
                "enabled": false,
                "prefix": ""
              }
            ],
            "arn": "arn:aws:elasticloadbalancing:eu-central-1:934086672967:loadbalancer/app/what-backend-release-panel-alb/d4f00f463c1e8b5c",
            "arn_suffix": "app/what-backend-release-panel-alb/d4f00f463c1e8b5c",
            "customer_owned_ipv4_pool": "",
            "desync_mitigation_mode": "defensive",
            "dns_name": "what-backend-release-panel-alb-10083858.eu-central-1.elb.amazonaws.com",
            "drop_invalid_header_fields": false,
            "enable_cross_zone_load_balancing": null,
            "enable_deletion_protection": false,
            "enable_http2": true,
            "enable_waf_fail_open": false,
            "id": "arn:aws:elasticloadbalancing:eu-central-1:934086672967:loadbalancer/app/what-backend-release-panel-alb/d4f00f463c1e8b5c",
            "idle_timeout": 60,
            "internal": false,
            "ip_address_type": "ipv4",
            "load_balancer_type": "application",
            "name": "what-backend-release-panel-alb",
            "name_prefix": null,
            "security_groups": [
              "sg-06a7142f72c4787fc"
            ],
            "subnet_mapping": [
              {
                "allocation_id": "",
                "ipv6_address": "",
                "outpost_id": "",
                "private_ipv4_address": "",
                "subnet_id": "subnet-0911abce1050d1e25"
              },
              {
                "allocation_id": "",
                "ipv6_address": "",
                "outpost_id": "",
                "private_ipv4_address": "",
                "subnet_id": "subnet-0b382db18bdff1d2a"
              }
            ],
            "subnets": [
              "subnet-0911abce1050d1e25",
              "subnet-0b382db18bdff1d2a"
            ],
            "tags": {
              "Environment": "release",
              "Name": "what-backend-panel-alb"
            },
            "tags_all": {
              "Environment": "release",
              "Name": "what-backend-panel-alb"
            },
            "timeouts": null,
            "vpc_id": "vpc-016d7d38c79f3ed07",
            "zone_id": "Z215JYRZR1TBD5"
          },
          "sensitive_attributes": [],
          "private": "eyJlMmJmYjczMC1lY2FhLTExZTYtOGY4OC0zNDM2M2JjN2M0YzAiOnsiY3JlYXRlIjo2MDAwMDAwMDAwMDAsImRlbGV0ZSI6NjAwMDAwMDAwMDAwLCJ1cGRhdGUiOjYwMDAwMDAwMDAwMH19",
          "dependencies": [
            "aws_security_group.load_balancer_security_group",
            "aws_subnet.public",
            "aws_vpc.aws-vpc"
          ]
        }
      ]
    },
    {
      "mode": "managed",
      "type": "aws_appautoscaling_policy",
      "name": "ecs_policy_cpu",
      "provider": "provider[\"registry.terraform.io/hashicorp/aws\"]",
      "instances": [
        {
          "schema_version": 0,
          "attributes": {
            "arn": "arn:aws:autoscaling:eu-central-1:934086672967:scalingPolicy:119531d2-2fd4-4cf0-b23c-bbf13b58ab5a:resource/ecs/service/what-backend-release-cluster/what-backend-release-ecs-service:policyName/what-backend-release-cpu-autoscaling",
            "id": "what-backend-release-cpu-autoscaling",
            "name": "what-backend-release-cpu-autoscaling",
            "policy_type": "TargetTrackingScaling",
            "resource_id": "service/what-backend-release-cluster/what-backend-release-ecs-service",
            "scalable_dimension": "ecs:service:DesiredCount",
            "service_namespace": "ecs",
            "step_scaling_policy_configuration": [],
            "target_tracking_scaling_policy_configuration": [
              {
                "customized_metric_specification": [],
                "disable_scale_in": false,
                "predefined_metric_specification": [
                  {
                    "predefined_metric_type": "ECSServiceAverageCPUUtilization",
                    "resource_label": ""
                  }
                ],
                "scale_in_cooldown": 0,
                "scale_out_cooldown": 0,
                "target_value": 80
              }
            ]
          },
          "sensitive_attributes": [],
          "private": "bnVsbA==",
          "dependencies": [
            "aws_alb.application_load_balancer",
            "aws_appautoscaling_target.ecs_target",
            "aws_cloudwatch_log_group.log_group",
            "aws_ecr_repository.repository",
            "aws_ecs_cluster.aws_ecs_cluster",
            "aws_ecs_service.aws_ecs_service",
            "aws_ecs_task_definition.aws_ecs_task",
            "aws_iam_role.ecsTaskExecutionRole",
            "aws_lb_listener.listener",
            "aws_lb_target_group.target_group",
            "aws_security_group.load_balancer_security_group",
            "aws_security_group.service_security_group",
            "aws_subnet.public",
            "aws_vpc.aws-vpc",
            "data.aws_ecs_task_definition.main",
            "data.aws_iam_policy_document.assume_role_policy"
          ]
        }
      ]
    },
    {
      "mode": "managed",
      "type": "aws_appautoscaling_policy",
      "name": "ecs_policy_memory",
      "provider": "provider[\"registry.terraform.io/hashicorp/aws\"]",
      "instances": [
        {
          "schema_version": 0,
          "attributes": {
            "arn": "arn:aws:autoscaling:eu-central-1:934086672967:scalingPolicy:119531d2-2fd4-4cf0-b23c-bbf13b58ab5a:resource/ecs/service/what-backend-release-cluster/what-backend-release-ecs-service:policyName/what-backend-release-memory-autoscaling",
            "id": "what-backend-release-memory-autoscaling",
            "name": "what-backend-release-memory-autoscaling",
            "policy_type": "TargetTrackingScaling",
            "resource_id": "service/what-backend-release-cluster/what-backend-release-ecs-service",
            "scalable_dimension": "ecs:service:DesiredCount",
            "service_namespace": "ecs",
            "step_scaling_policy_configuration": [],
            "target_tracking_scaling_policy_configuration": [
              {
                "customized_metric_specification": [],
                "disable_scale_in": false,
                "predefined_metric_specification": [
                  {
                    "predefined_metric_type": "ECSServiceAverageMemoryUtilization",
                    "resource_label": ""
                  }
                ],
                "scale_in_cooldown": 0,
                "scale_out_cooldown": 0,
                "target_value": 80
              }
            ]
          },
          "sensitive_attributes": [],
          "private": "bnVsbA==",
          "dependencies": [
            "aws_alb.application_load_balancer",
            "aws_appautoscaling_target.ecs_target",
            "aws_cloudwatch_log_group.log_group",
            "aws_ecr_repository.repository",
            "aws_ecs_cluster.aws_ecs_cluster",
            "aws_ecs_service.aws_ecs_service",
            "aws_ecs_task_definition.aws_ecs_task",
            "aws_iam_role.ecsTaskExecutionRole",
            "aws_lb_listener.listener",
            "aws_lb_target_group.target_group",
            "aws_security_group.load_balancer_security_group",
            "aws_security_group.service_security_group",
            "aws_subnet.public",
            "aws_vpc.aws-vpc",
            "data.aws_ecs_task_definition.main",
            "data.aws_iam_policy_document.assume_role_policy"
          ]
        }
      ]
    },
    {
      "mode": "managed",
      "type": "aws_appautoscaling_target",
      "name": "ecs_target",
      "provider": "provider[\"registry.terraform.io/hashicorp/aws\"]",
      "instances": [
        {
          "schema_version": 0,
          "attributes": {
            "id": "service/what-backend-release-cluster/what-backend-release-ecs-service",
            "max_capacity": 2,
            "min_capacity": 1,
            "resource_id": "service/what-backend-release-cluster/what-backend-release-ecs-service",
            "role_arn": "arn:aws:iam::934086672967:role/aws-service-role/ecs.application-autoscaling.amazonaws.com/AWSServiceRoleForApplicationAutoScaling_ECSService",
            "scalable_dimension": "ecs:service:DesiredCount",
            "service_namespace": "ecs"
          },
          "sensitive_attributes": [],
          "private": "bnVsbA==",
          "dependencies": [
            "aws_alb.application_load_balancer",
            "aws_cloudwatch_log_group.log_group",
            "aws_ecr_repository.repository",
            "aws_ecs_cluster.aws_ecs_cluster",
            "aws_ecs_service.aws_ecs_service",
            "aws_ecs_task_definition.aws_ecs_task",
            "aws_iam_role.ecsTaskExecutionRole",
            "aws_lb_listener.listener",
            "aws_lb_target_group.target_group",
            "aws_security_group.load_balancer_security_group",
            "aws_security_group.service_security_group",
            "aws_subnet.public",
            "aws_vpc.aws-vpc",
            "data.aws_ecs_task_definition.main",
            "data.aws_iam_policy_document.assume_role_policy"
          ]
        }
      ]
    },
    {
      "mode": "managed",
      "type": "aws_cloudfront_distribution",
      "name": "cloudfront_distribution",
      "provider": "provider[\"registry.terraform.io/hashicorp/aws\"]",
      "instances": [
        {
          "schema_version": 1,
          "attributes": {
            "aliases": [],
            "arn": "arn:aws:cloudfront::934086672967:distribution/E1II9JF7OLMI2Q",
            "caller_reference": "terraform-20220216125519622600000001",
            "comment": null,
            "custom_error_response": [],
            "default_cache_behavior": [
              {
                "allowed_methods": [
                  "DELETE",
                  "GET",
                  "HEAD",
                  "OPTIONS",
                  "PATCH",
                  "POST",
                  "PUT"
                ],
                "cache_policy_id": "",
                "cached_methods": [
                  "GET",
                  "HEAD"
                ],
                "compress": false,
                "default_ttl": 3600,
                "field_level_encryption_id": "",
                "forwarded_values": [
                  {
                    "cookies": [
                      {
                        "forward": "none",
                        "whitelisted_names": []
                      }
                    ],
                    "headers": [],
                    "query_string": true,
                    "query_string_cache_keys": []
                  }
                ],
                "function_association": [],
                "lambda_function_association": [],
                "max_ttl": 86400,
                "min_ttl": 0,
                "origin_request_policy_id": "",
                "realtime_log_config_arn": "",
                "response_headers_policy_id": "",
                "smooth_streaming": false,
                "target_origin_id": "S3-what-front-anm",
                "trusted_key_groups": [],
                "trusted_signers": [],
                "viewer_protocol_policy": "allow-all"
              }
            ],
            "default_root_object": "",
            "domain_name": "d3h0j4kwbylpq9.cloudfront.net",
            "enabled": true,
            "etag": "E14FP5UIFAD7TR",
            "hosted_zone_id": "Z2FDTNDATAQYW2",
            "http_version": "http2",
            "id": "E1II9JF7OLMI2Q",
            "in_progress_validation_batches": 0,
            "is_ipv6_enabled": false,
            "last_modified_time": "2022-02-16 12:55:20.455 +0000 UTC",
            "logging_config": [],
            "ordered_cache_behavior": [],
            "origin": [
              {
                "connection_attempts": 3,
                "connection_timeout": 10,
                "custom_header": [],
                "custom_origin_config": [],
                "domain_name": "what-front-anm.s3.amazonaws.com",
                "origin_id": "S3-what-front-anm",
                "origin_path": "",
                "origin_shield": [],
                "s3_origin_config": []
              }
            ],
            "origin_group": [],
            "price_class": "PriceClass_All",
            "restrictions": [
              {
                "geo_restriction": [
                  {
                    "locations": [],
                    "restriction_type": "none"
                  }
                ]
              }
            ],
            "retain_on_delete": false,
            "status": "Deployed",
            "tags": {},
            "tags_all": {},
            "trusted_key_groups": [
              {
                "enabled": false,
                "items": []
              }
            ],
            "trusted_signers": [
              {
                "enabled": false,
                "items": []
              }
            ],
            "viewer_certificate": [
              {
                "acm_certificate_arn": "",
                "cloudfront_default_certificate": true,
                "iam_certificate_id": "",
                "minimum_protocol_version": "TLSv1",
                "ssl_support_method": ""
              }
            ],
            "wait_for_deployment": true,
            "web_acl_id": ""
          },
          "sensitive_attributes": [],
          "private": "eyJzY2hlbWFfdmVyc2lvbiI6IjEifQ=="
        }
      ]
    },
    {
      "mode": "managed",
      "type": "aws_cloudwatch_log_group",
      "name": "log_group",
      "provider": "provider[\"registry.terraform.io/hashicorp/aws\"]",
      "instances": [
        {
          "schema_version": 0,
          "attributes": {
            "arn": "arn:aws:logs:eu-central-1:934086672967:log-group:what-backend-release-logs",
            "id": "what-backend-release-logs",
            "kms_key_id": "",
            "name": "what-backend-release-logs",
            "name_prefix": null,
            "retention_in_days": 0,
            "tags": {
              "Application": "what-backend",
              "Environment": "release"
            },
            "tags_all": {
              "Application": "what-backend",
              "Environment": "release"
            }
          },
          "sensitive_attributes": [],
          "private": "bnVsbA=="
        }
      ]
    },
    {
      "mode": "managed",
      "type": "aws_db_instance",
      "name": "default",
      "provider": "provider[\"registry.terraform.io/hashicorp/aws\"]",
      "instances": [
        {
          "schema_version": 1,
          "attributes": {
            "address": "mysqlinstance.cgdizvert0bq.eu-central-1.rds.amazonaws.com",
            "allocated_storage": 20,
            "allow_major_version_upgrade": null,
            "apply_immediately": null,
            "arn": "arn:aws:rds:eu-central-1:934086672967:db:mysqlinstance",
            "auto_minor_version_upgrade": true,
            "availability_zone": "eu-central-1b",
            "backup_retention_period": 0,
            "backup_window": "21:08-21:38",
            "ca_cert_identifier": "rds-ca-2019",
            "character_set_name": "",
            "copy_tags_to_snapshot": false,
            "customer_owned_ip_enabled": false,
            "db_subnet_group_name": "main",
            "delete_automated_backups": true,
            "deletion_protection": false,
            "domain": "",
            "domain_iam_role_name": "",
            "enabled_cloudwatch_logs_exports": [
              "audit",
              "error",
              "general",
              "slowquery"
            ],
            "endpoint": "mysqlinstance.cgdizvert0bq.eu-central-1.rds.amazonaws.com:3306",
            "engine": "mysql",
            "engine_version": "8.0",
            "engine_version_actual": "8.0.27",
            "final_snapshot_identifier": null,
            "hosted_zone_id": "Z1RLNUO7B9Q6NB",
            "iam_database_authentication_enabled": false,
            "id": "mysqlinstance",
            "identifier": "mysqlinstance",
            "identifier_prefix": null,
            "instance_class": "db.t2.micro",
            "iops": 0,
            "kms_key_id": "",
            "latest_restorable_time": "0001-01-01T00:00:00Z",
            "license_model": "general-public-license",
            "maintenance_window": "fri:00:34-fri:01:04",
            "max_allocated_storage": 0,
            "monitoring_interval": 0,
            "monitoring_role_arn": "",
            "multi_az": false,
            "name": "test",
            "nchar_character_set_name": "",
            "option_group_name": "default:mysql-8-0",
            "parameter_group_name": "default.mysql8.0",
            "password": "DB_PASSWORD",
            "performance_insights_enabled": false,
            "performance_insights_kms_key_id": "",
            "performance_insights_retention_period": 0,
            "port": 3306,
            "publicly_accessible": true,
            "replica_mode": "",
            "replicas": [],
            "replicate_source_db": "",
            "resource_id": "db-QN2XOCMFOEH2YB423OPCSMCXU4",
            "restore_to_point_in_time": [],
            "s3_import": [],
            "security_group_names": [],
            "skip_final_snapshot": true,
            "snapshot_identifier": null,
            "status": "available",
            "storage_encrypted": false,
            "storage_type": "gp2",
            "tags": {},
            "tags_all": {},
            "timeouts": null,
            "timezone": "",
            "username": "DB_USERNAME",
            "vpc_security_group_ids": [
              "sg-00424a0e946918958"
            ]
          },
          "sensitive_attributes": [],
          "private": "eyJlMmJmYjczMC1lY2FhLTExZTYtOGY4OC0zNDM2M2JjN2M0YzAiOnsiY3JlYXRlIjoyNDAwMDAwMDAwMDAwLCJkZWxldGUiOjM2MDAwMDAwMDAwMDAsInVwZGF0ZSI6NDgwMDAwMDAwMDAwMH0sInNjaGVtYV92ZXJzaW9uIjoiMSJ9",
          "dependencies": [
            "aws_db_subnet_group.default",
            "aws_security_group.private_rds",
            "aws_subnet.public",
            "aws_vpc.aws-vpc"
          ]
        }
      ]
    },
    {
      "mode": "managed",
      "type": "aws_db_subnet_group",
      "name": "default",
      "provider": "provider[\"registry.terraform.io/hashicorp/aws\"]",
      "instances": [
        {
          "schema_version": 0,
          "attributes": {
            "arn": "arn:aws:rds:eu-central-1:934086672967:subgrp:main",
            "description": "Managed by Terraform",
            "id": "main",
            "name": "main",
            "name_prefix": null,
            "subnet_ids": [
              "subnet-0911abce1050d1e25",
              "subnet-0b382db18bdff1d2a"
            ],
            "tags": {
              "Name": "My DB subnet group"
            },
            "tags_all": {
              "Name": "My DB subnet group"
            }
          },
          "sensitive_attributes": [],
          "private": "bnVsbA==",
          "dependencies": [
            "aws_subnet.public",
            "aws_vpc.aws-vpc"
          ]
        }
      ]
    },
    {
      "mode": "managed",
      "type": "aws_ecr_repository",
      "name": "repository",
      "provider": "provider[\"registry.terraform.io/hashicorp/aws\"]",
      "instances": [
        {
          "schema_version": 0,
          "attributes": {
            "arn": "arn:aws:ecr:eu-central-1:934086672967:repository/what-backend-release-ecr",
            "encryption_configuration": [
              {
                "encryption_type": "AES256",
                "kms_key": ""
              }
            ],
            "id": "what-backend-release-ecr",
            "image_scanning_configuration": [
              {
                "scan_on_push": false
              }
            ],
            "image_tag_mutability": "MUTABLE",
            "name": "what-backend-release-ecr",
            "registry_id": "934086672967",
            "repository_url": "934086672967.dkr.ecr.eu-central-1.amazonaws.com/what-backend-release-ecr",
            "tags": {
              "Environment": "release",
              "Name": "what-backend-ecr"
            },
            "tags_all": {
              "Environment": "release",
              "Name": "what-backend-ecr"
            },
            "timeouts": null
          },
          "sensitive_attributes": [],
          "private": "eyJlMmJmYjczMC1lY2FhLTExZTYtOGY4OC0zNDM2M2JjN2M0YzAiOnsiZGVsZXRlIjoxMjAwMDAwMDAwMDAwfX0="
        }
      ]
    },
    {
      "mode": "managed",
      "type": "aws_ecr_repository",
      "name": "repository_panel",
      "provider": "provider[\"registry.terraform.io/hashicorp/aws\"]",
      "instances": [
        {
          "schema_version": 0,
          "attributes": {
            "arn": "arn:aws:ecr:eu-central-1:934086672967:repository/what-backend-release-panel-ecr",
            "encryption_configuration": [
              {
                "encryption_type": "AES256",
                "kms_key": ""
              }
            ],
            "id": "what-backend-release-panel-ecr",
            "image_scanning_configuration": [
              {
                "scan_on_push": false
              }
            ],
            "image_tag_mutability": "MUTABLE",
            "name": "what-backend-release-panel-ecr",
            "registry_id": "934086672967",
            "repository_url": "934086672967.dkr.ecr.eu-central-1.amazonaws.com/what-backend-release-panel-ecr",
            "tags": {
              "Environment": "release",
              "Name": "what-backend-panel-ecr"
            },
            "tags_all": {
              "Environment": "release",
              "Name": "what-backend-panel-ecr"
            },
            "timeouts": null
          },
          "sensitive_attributes": [],
          "private": "eyJlMmJmYjczMC1lY2FhLTExZTYtOGY4OC0zNDM2M2JjN2M0YzAiOnsiZGVsZXRlIjoxMjAwMDAwMDAwMDAwfX0="
        }
      ]
    },
    {
      "mode": "managed",
      "type": "aws_ecs_cluster",
      "name": "aws_ecs_cluster",
      "provider": "provider[\"registry.terraform.io/hashicorp/aws\"]",
      "instances": [
        {
          "schema_version": 0,
          "attributes": {
            "arn": "arn:aws:ecs:eu-central-1:934086672967:cluster/what-backend-release-cluster",
            "capacity_providers": [],
            "configuration": [],
            "default_capacity_provider_strategy": [],
            "id": "arn:aws:ecs:eu-central-1:934086672967:cluster/what-backend-release-cluster",
            "name": "what-backend-release-cluster",
            "setting": [
              {
                "name": "containerInsights",
                "value": "disabled"
              }
            ],
            "tags": {
              "Environment": "release",
              "Name": "what-backend-ecs"
            },
            "tags_all": {
              "Environment": "release",
              "Name": "what-backend-ecs"
            }
          },
          "sensitive_attributes": [],
          "private": "bnVsbA=="
        }
      ]
    },
    {
      "mode": "managed",
      "type": "aws_ecs_cluster",
      "name": "aws_ecs_cluster_panel",
      "provider": "provider[\"registry.terraform.io/hashicorp/aws\"]",
      "instances": [
        {
          "schema_version": 0,
          "attributes": {
            "arn": "arn:aws:ecs:eu-central-1:934086672967:cluster/what-backend-release-cluster-panel",
            "capacity_providers": [],
            "configuration": [],
            "default_capacity_provider_strategy": [],
            "id": "arn:aws:ecs:eu-central-1:934086672967:cluster/what-backend-release-cluster-panel",
            "name": "what-backend-release-cluster-panel",
            "setting": [
              {
                "name": "containerInsights",
                "value": "disabled"
              }
            ],
            "tags": {
              "Environment": "release",
              "Name": "what-backend-panel-ecs"
            },
            "tags_all": {
              "Environment": "release",
              "Name": "what-backend-panel-ecs"
            }
          },
          "sensitive_attributes": [],
          "private": "bnVsbA=="
        }
      ]
    },
    {
      "mode": "managed",
      "type": "aws_ecs_service",
      "name": "aws_ecs__panel_service",
      "provider": "provider[\"registry.terraform.io/hashicorp/aws\"]",
      "instances": [
        {
          "schema_version": 0,
          "attributes": {
            "capacity_provider_strategy": [],
            "cluster": "arn:aws:ecs:eu-central-1:934086672967:cluster/what-backend-release-cluster-panel",
            "deployment_circuit_breaker": [
              {
                "enable": false,
                "rollback": false
              }
            ],
            "deployment_controller": [
              {
                "type": "ECS"
              }
            ],
            "deployment_maximum_percent": 200,
            "deployment_minimum_healthy_percent": 100,
            "desired_count": 1,
            "enable_ecs_managed_tags": false,
            "enable_execute_command": false,
            "force_new_deployment": true,
            "health_check_grace_period_seconds": 0,
            "iam_role": "aws-service-role",
            "id": "arn:aws:ecs:eu-central-1:934086672967:service/what-backend-release-cluster-panel/what-backend-release-ecs-panel-service",
            "launch_type": "FARGATE",
            "load_balancer": [
              {
                "container_name": "what-backend-release-panel-container",
                "container_port": 80,
                "elb_name": "",
                "target_group_arn": "arn:aws:elasticloadbalancing:eu-central-1:934086672967:targetgroup/what-backend-release-panel-tg/7853fe2eac59a243"
              }
            ],
            "name": "what-backend-release-ecs-panel-service",
            "network_configuration": [
              {
                "assign_public_ip": true,
                "security_groups": [
                  "sg-001580271e15cdf82",
                  "sg-06a7142f72c4787fc"
                ],
                "subnets": [
                  "subnet-0911abce1050d1e25",
                  "subnet-0b382db18bdff1d2a"
                ]
              }
            ],
            "ordered_placement_strategy": [],
            "placement_constraints": [],
            "platform_version": "LATEST",
            "propagate_tags": "NONE",
            "scheduling_strategy": "REPLICA",
            "service_registries": [],
            "tags": null,
            "tags_all": {},
            "task_definition": "what-backend-panel-task:28",
            "timeouts": null,
            "wait_for_steady_state": false
          },
          "sensitive_attributes": [],
          "private": "eyJlMmJmYjczMC1lY2FhLTExZTYtOGY4OC0zNDM2M2JjN2M0YzAiOnsiZGVsZXRlIjoxMjAwMDAwMDAwMDAwfX0=",
          "dependencies": [
            "aws_cloudwatch_log_group.log_group",
            "aws_ecr_repository.repository_panel",
            "aws_ecs_cluster.aws_ecs_cluster_panel",
            "aws_ecs_task_definition.aws_ecs_panel_task",
            "aws_iam_role.ecsTaskExecutionRole",
            "aws_lb_listener.listener_panel",
            "aws_lb_target_group.target_group_panel",
            "aws_security_group.load_balancer_security_group",
            "aws_security_group.service_security_group",
            "aws_subnet.public",
            "data.aws_ecs_task_definition.main_panel"
          ]
        }
      ]
    },
    {
      "mode": "managed",
      "type": "aws_ecs_service",
      "name": "aws_ecs_service",
      "provider": "provider[\"registry.terraform.io/hashicorp/aws\"]",
      "instances": [
        {
          "schema_version": 0,
          "attributes": {
            "capacity_provider_strategy": [],
            "cluster": "arn:aws:ecs:eu-central-1:934086672967:cluster/what-backend-release-cluster",
            "deployment_circuit_breaker": [
              {
                "enable": false,
                "rollback": false
              }
            ],
            "deployment_controller": [
              {
                "type": "ECS"
              }
            ],
            "deployment_maximum_percent": 200,
            "deployment_minimum_healthy_percent": 100,
            "desired_count": 1,
            "enable_ecs_managed_tags": false,
            "enable_execute_command": false,
            "force_new_deployment": true,
            "health_check_grace_period_seconds": 0,
            "iam_role": "aws-service-role",
            "id": "arn:aws:ecs:eu-central-1:934086672967:service/what-backend-release-cluster/what-backend-release-ecs-service",
            "launch_type": "FARGATE",
            "load_balancer": [
              {
                "container_name": "what-backend-release-container",
                "container_port": 80,
                "elb_name": "",
                "target_group_arn": "arn:aws:elasticloadbalancing:eu-central-1:934086672967:targetgroup/what-backend-release-tg/e5c379d7782863af"
              }
            ],
            "name": "what-backend-release-ecs-service",
            "network_configuration": [
              {
                "assign_public_ip": true,
                "security_groups": [
                  "sg-001580271e15cdf82",
                  "sg-06a7142f72c4787fc"
                ],
                "subnets": [
                  "subnet-0911abce1050d1e25",
                  "subnet-0b382db18bdff1d2a"
                ]
              }
            ],
            "ordered_placement_strategy": [],
            "placement_constraints": [],
            "platform_version": "LATEST",
            "propagate_tags": "NONE",
            "scheduling_strategy": "REPLICA",
            "service_registries": [],
            "tags": {},
            "tags_all": {},
            "task_definition": "what-backend-task:169",
            "timeouts": null,
            "wait_for_steady_state": false
          },
          "sensitive_attributes": [],
          "private": "eyJlMmJmYjczMC1lY2FhLTExZTYtOGY4OC0zNDM2M2JjN2M0YzAiOnsiZGVsZXRlIjoxMjAwMDAwMDAwMDAwfX0=",
          "dependencies": [
            "aws_cloudwatch_log_group.log_group",
            "aws_ecr_repository.repository",
            "aws_ecs_cluster.aws_ecs_cluster",
            "aws_ecs_task_definition.aws_ecs_task",
            "aws_iam_role.ecsTaskExecutionRole",
            "aws_lb_listener.listener",
            "aws_lb_target_group.target_group",
            "aws_security_group.load_balancer_security_group",
            "aws_security_group.service_security_group",
            "aws_subnet.public",
            "data.aws_ecs_task_definition.main"
          ]
        }
      ]
    },
    {
      "mode": "managed",
      "type": "aws_ecs_task_definition",
      "name": "aws_ecs_panel_task",
      "provider": "provider[\"registry.terraform.io/hashicorp/aws\"]",
      "instances": [
        {
          "schema_version": 1,
          "attributes": {
            "arn": "arn:aws:ecs:eu-central-1:934086672967:task-definition/what-backend-panel-task:28",
            "container_definitions": "[{\"cpu\":256,\"entryPoint\":[],\"environment\":[],\"essential\":true,\"image\":\"934086672967.dkr.ecr.eu-central-1.amazonaws.com/what-backend-release-panel-ecr:latest\",\"logConfiguration\":{\"logDriver\":\"awslogs\",\"options\":{\"awslogs-group\":\"what-backend-release-logs\",\"awslogs-region\":\"eu-central-1\",\"awslogs-stream-prefix\":\"what-backend-release\"}},\"memory\":512,\"mountPoints\":[],\"name\":\"what-backend-release-panel-container\",\"portMappings\":[{\"containerPort\":80,\"hostPort\":80,\"protocol\":\"tcp\"}],\"volumesFrom\":[]}]",
            "cpu": "256",
            "ephemeral_storage": [],
            "execution_role_arn": "arn:aws:iam::934086672967:role/what-backend-execution-task-role",
            "family": "what-backend-panel-task",
            "id": "what-backend-panel-task",
            "inference_accelerator": [],
            "ipc_mode": "",
            "memory": "512",
            "network_mode": "awsvpc",
            "pid_mode": "",
            "placement_constraints": [],
            "proxy_configuration": [],
            "requires_compatibilities": [
              "FARGATE"
            ],
            "revision": 28,
            "runtime_platform": [],
            "skip_destroy": false,
            "tags": {
              "Environment": "release",
              "Name": "what-backend-panel-ecs-td"
            },
            "tags_all": {
              "Environment": "release",
              "Name": "what-backend-panel-ecs-td"
            },
            "task_role_arn": "arn:aws:iam::934086672967:role/what-backend-execution-task-role",
            "volume": []
          },
          "sensitive_attributes": [],
          "private": "eyJzY2hlbWFfdmVyc2lvbiI6IjEifQ==",
          "dependencies": [
            "aws_cloudwatch_log_group.log_group",
            "aws_ecr_repository.repository_panel",
            "aws_iam_role.ecsTaskExecutionRole"
          ]
        }
      ]
    },
    {
      "mode": "managed",
      "type": "aws_ecs_task_definition",
      "name": "aws_ecs_task",
      "provider": "provider[\"registry.terraform.io/hashicorp/aws\"]",
      "instances": [
        {
          "schema_version": 1,
          "attributes": {
            "arn": "arn:aws:ecs:eu-central-1:934086672967:task-definition/what-backend-task:169",
            "container_definitions": "[{\"cpu\":256,\"entryPoint\":[],\"environment\":[],\"essential\":true,\"image\":\"934086672967.dkr.ecr.eu-central-1.amazonaws.com/what-backend-release-ecr:latest\",\"logConfiguration\":{\"logDriver\":\"awslogs\",\"options\":{\"awslogs-group\":\"what-backend-release-logs\",\"awslogs-region\":\"eu-central-1\",\"awslogs-stream-prefix\":\"what-backend-release\"}},\"memory\":512,\"mountPoints\":[],\"name\":\"what-backend-release-container\",\"portMappings\":[{\"containerPort\":80,\"hostPort\":80,\"protocol\":\"tcp\"}],\"volumesFrom\":[]}]",
            "cpu": "256",
            "ephemeral_storage": [],
            "execution_role_arn": "arn:aws:iam::934086672967:role/what-backend-execution-task-role",
            "family": "what-backend-task",
            "id": "what-backend-task",
            "inference_accelerator": [],
            "ipc_mode": "",
            "memory": "512",
            "network_mode": "awsvpc",
            "pid_mode": "",
            "placement_constraints": [],
            "proxy_configuration": [],
            "requires_compatibilities": [
              "FARGATE"
            ],
            "revision": 169,
            "runtime_platform": [],
            "skip_destroy": false,
            "tags": {
              "Environment": "release",
              "Name": "what-backend-ecs-td"
            },
            "tags_all": {
              "Environment": "release",
              "Name": "what-backend-ecs-td"
            },
            "task_role_arn": "arn:aws:iam::934086672967:role/what-backend-execution-task-role",
            "volume": []
          },
          "sensitive_attributes": [],
          "private": "eyJzY2hlbWFfdmVyc2lvbiI6IjEifQ==",
          "dependencies": [
            "aws_cloudwatch_log_group.log_group",
            "aws_ecr_repository.repository",
            "aws_iam_role.ecsTaskExecutionRole"
          ]
        }
      ]
    },
    {
      "mode": "managed",
      "type": "aws_iam_role",
      "name": "ecsTaskExecutionRole",
      "provider": "provider[\"registry.terraform.io/hashicorp/aws\"]",
      "instances": [
        {
          "schema_version": 0,
          "attributes": {
            "arn": "arn:aws:iam::934086672967:role/what-backend-execution-task-role",
            "assume_role_policy": "{\"Version\":\"2012-10-17\",\"Statement\":[{\"Sid\":\"\",\"Effect\":\"Allow\",\"Principal\":{\"Service\":\"ecs-tasks.amazonaws.com\"},\"Action\":\"sts:AssumeRole\"}]}",
            "create_date": "2022-02-16T12:55:20Z",
            "description": "",
            "force_detach_policies": false,
            "id": "what-backend-execution-task-role",
            "inline_policy": [
              {
                "name": "",
                "policy": ""
              }
            ],
            "managed_policy_arns": [
              "arn:aws:iam::aws:policy/service-role/AmazonEC2ContainerServiceforEC2Role"
            ],
            "max_session_duration": 3600,
            "name": "what-backend-execution-task-role",
            "name_prefix": "",
            "path": "/",
            "permissions_boundary": null,
            "tags": {
              "Environment": "release",
              "Name": "what-backend-iam-role"
            },
            "tags_all": {
              "Environment": "release",
              "Name": "what-backend-iam-role"
            },
            "unique_id": "AROA5S67HQJDUPQVTEPSL"
          },
          "sensitive_attributes": [],
          "private": "bnVsbA==",
          "dependencies": [
            "data.aws_iam_policy_document.assume_role_policy"
          ]
        }
      ]
    },
    {
      "mode": "managed",
      "type": "aws_iam_role_policy_attachment",
      "name": "ecsTaskExecutionRole_policy",
      "provider": "provider[\"registry.terraform.io/hashicorp/aws\"]",
      "instances": [
        {
          "schema_version": 0,
          "attributes": {
            "id": "what-backend-execution-task-role-20220216125522920500000002",
            "policy_arn": "arn:aws:iam::aws:policy/service-role/AmazonEC2ContainerServiceforEC2Role",
            "role": "what-backend-execution-task-role"
          },
          "sensitive_attributes": [],
          "private": "bnVsbA==",
          "dependencies": [
            "aws_iam_role.ecsTaskExecutionRole",
            "data.aws_iam_policy_document.assume_role_policy"
          ]
        }
      ]
    },
    {
      "mode": "managed",
      "type": "aws_instance",
      "name": "dev_server_js1",
      "provider": "provider[\"registry.terraform.io/hashicorp/aws\"]",
      "instances": [
        {
          "schema_version": 1,
          "attributes": {
            "ami": "ami-05b308c240ae70bb6",
            "arn": "arn:aws:ec2:eu-central-1:934086672967:instance/i-0435131e89e747bb8",
            "associate_public_ip_address": true,
            "availability_zone": "eu-central-1a",
            "capacity_reservation_specification": [
              {
                "capacity_reservation_preference": "open",
                "capacity_reservation_target": []
              }
            ],
            "cpu_core_count": 1,
            "cpu_threads_per_core": 1,
            "credit_specification": [
              {
                "cpu_credits": "standard"
              }
            ],
            "disable_api_termination": false,
            "ebs_block_device": [],
            "ebs_optimized": false,
            "enclave_options": [
              {
                "enabled": false
              }
            ],
            "ephemeral_block_device": [],
            "get_password_data": false,
            "hibernation": false,
            "host_id": null,
            "iam_instance_profile": "",
            "id": "i-0435131e89e747bb8",
            "instance_initiated_shutdown_behavior": "stop",
            "instance_state": "running",
            "instance_type": "t2.micro",
            "ipv6_address_count": 0,
            "ipv6_addresses": [],
            "key_name": "dev",
            "launch_template": [],
            "metadata_options": [
              {
                "http_endpoint": "enabled",
                "http_put_response_hop_limit": 1,
                "http_tokens": "optional",
                "instance_metadata_tags": "disabled"
              }
            ],
            "monitoring": false,
            "network_interface": [],
            "outpost_arn": "",
            "password_data": "",
            "placement_group": "",
            "placement_partition_number": null,
            "primary_network_interface_id": "eni-028e0ff3855a0340d",
            "private_dns": "ip-10-10-50-226.eu-central-1.compute.internal",
            "private_ip": "10.10.50.226",
            "public_dns": "ec2-18-185-56-11.eu-central-1.compute.amazonaws.com",
            "public_ip": "18.185.56.11",
            "root_block_device": [
              {
                "delete_on_termination": true,
                "device_name": "/dev/sda1",
                "encrypted": false,
                "iops": 100,
                "kms_key_id": "",
                "tags": {},
                "throughput": 0,
                "volume_id": "vol-077bc22924f780763",
                "volume_size": 8,
                "volume_type": "gp2"
              }
            ],
            "secondary_private_ips": [],
            "security_groups": [],
            "source_dest_check": true,
            "subnet_id": "subnet-0c2841529078d3621",
            "tags": {
              "Name": "Jenkins_Node_01"
            },
            "tags_all": {
              "Name": "Jenkins_Node_01"
            },
            "tenancy": "default",
            "timeouts": null,
            "user_data": null,
            "user_data_base64": null,
            "volume_tags": null,
            "vpc_security_group_ids": [
              "sg-0716849e65d668107"
            ]
          },
          "sensitive_attributes": [],
          "private": "eyJlMmJmYjczMC1lY2FhLTExZTYtOGY4OC0zNDM2M2JjN2M0YzAiOnsiY3JlYXRlIjo2MDAwMDAwMDAwMDAsImRlbGV0ZSI6MTIwMDAwMDAwMDAwMCwidXBkYXRlIjo2MDAwMDAwMDAwMDB9LCJzY2hlbWFfdmVyc2lvbiI6IjEifQ==",
          "dependencies": [
            "aws_security_group.web_traffic",
            "aws_subnet.jenkins_subnet",
            "aws_vpc.aws-vpc",
            "data.aws_ami.ubuntu"
          ]
        }
      ]
    },
    {
      "mode": "managed",
      "type": "aws_instance",
      "name": "jenkins_main",
      "provider": "provider[\"registry.terraform.io/hashicorp/aws\"]",
      "instances": [
        {
          "schema_version": 1,
          "attributes": {
            "ami": "ami-05b308c240ae70bb6",
            "arn": "arn:aws:ec2:eu-central-1:934086672967:instance/i-0dcd712aee2eda897",
            "associate_public_ip_address": true,
            "availability_zone": "eu-central-1a",
            "capacity_reservation_specification": [
              {
                "capacity_reservation_preference": "open",
                "capacity_reservation_target": []
              }
            ],
            "cpu_core_count": 1,
            "cpu_threads_per_core": 1,
            "credit_specification": [
              {
                "cpu_credits": "standard"
              }
            ],
            "disable_api_termination": false,
            "ebs_block_device": [],
            "ebs_optimized": false,
            "enclave_options": [
              {
                "enabled": false
              }
            ],
            "ephemeral_block_device": [],
            "get_password_data": false,
            "hibernation": false,
            "host_id": null,
            "iam_instance_profile": "",
            "id": "i-0dcd712aee2eda897",
            "instance_initiated_shutdown_behavior": "stop",
            "instance_state": "running",
            "instance_type": "t2.micro",
            "ipv6_address_count": 0,
            "ipv6_addresses": [],
            "key_name": "dev",
            "launch_template": [],
            "metadata_options": [
              {
                "http_endpoint": "enabled",
                "http_put_response_hop_limit": 1,
                "http_tokens": "optional",
                "instance_metadata_tags": "disabled"
              }
            ],
            "monitoring": false,
            "network_interface": [],
            "outpost_arn": "",
            "password_data": "",
            "placement_group": "",
            "placement_partition_number": null,
            "primary_network_interface_id": "eni-0abf0a32855d84c07",
            "private_dns": "ip-10-10-50-196.eu-central-1.compute.internal",
            "private_ip": "10.10.50.196",
            "public_dns": "ec2-18-195-39-212.eu-central-1.compute.amazonaws.com",
            "public_ip": "18.195.39.212",
            "root_block_device": [
              {
                "delete_on_termination": true,
                "device_name": "/dev/sda1",
                "encrypted": false,
                "iops": 100,
                "kms_key_id": "",
                "tags": {},
                "throughput": 0,
                "volume_id": "vol-0056b5a139142cac6",
                "volume_size": 8,
                "volume_type": "gp2"
              }
            ],
            "secondary_private_ips": [],
            "security_groups": [],
            "source_dest_check": true,
            "subnet_id": "subnet-0c2841529078d3621",
            "tags": {
              "Name": "Jenkins_Main"
            },
            "tags_all": {
              "Name": "Jenkins_Main"
            },
            "tenancy": "default",
            "timeouts": null,
            "user_data": null,
            "user_data_base64": null,
            "volume_tags": null,
            "vpc_security_group_ids": [
              "sg-0716849e65d668107"
            ]
          },
          "sensitive_attributes": [],
          "private": "eyJlMmJmYjczMC1lY2FhLTExZTYtOGY4OC0zNDM2M2JjN2M0YzAiOnsiY3JlYXRlIjo2MDAwMDAwMDAwMDAsImRlbGV0ZSI6MTIwMDAwMDAwMDAwMCwidXBkYXRlIjo2MDAwMDAwMDAwMDB9LCJzY2hlbWFfdmVyc2lvbiI6IjEifQ==",
          "dependencies": [
            "aws_instance.dev_server_js1",
            "aws_security_group.web_traffic",
            "aws_subnet.jenkins_subnet",
            "aws_vpc.aws-vpc",
            "data.aws_ami.ubuntu",
            "data.template_file.jenkins_casc"
          ]
        }
      ]
    },
    {
      "mode": "managed",
      "type": "aws_internet_gateway",
      "name": "aws-igw",
      "provider": "provider[\"registry.terraform.io/hashicorp/aws\"]",
      "instances": [
        {
          "schema_version": 0,
          "attributes": {
            "arn": "arn:aws:ec2:eu-central-1:934086672967:internet-gateway/igw-05a8eb22d595aeb27",
            "id": "igw-05a8eb22d595aeb27",
            "owner_id": "934086672967",
            "tags": {
              "Environment": "release",
              "Name": "what-backend-igw"
            },
            "tags_all": {
              "Environment": "release",
              "Name": "what-backend-igw"
            },
            "vpc_id": "vpc-016d7d38c79f3ed07"
          },
          "sensitive_attributes": [],
          "private": "bnVsbA==",
          "dependencies": [
            "aws_vpc.aws-vpc"
          ]
        }
      ]
    },
    {
      "mode": "managed",
      "type": "aws_key_pair",
      "name": "deployer",
      "provider": "provider[\"registry.terraform.io/hashicorp/aws\"]",
      "instances": [
        {
          "schema_version": 1,
          "attributes": {
            "arn": "arn:aws:ec2:eu-central-1:934086672967:key-pair/dev",
            "fingerprint": "58:41:29:2d:d8:a6:0c:49:49:02:a5:21:9e:4a:e0:1a",
            "id": "dev",
            "key_name": "dev",
            "key_name_prefix": "",
            "key_pair_id": "key-04c956489c229191f",
            "public_key": "ssh-rsa AAAAB3NzaC1yc2EAAAADAQABAAACAQDMQ048dc5fEFQx6XUgKthWiqHch97JSrE/hpJHe1EbPiCNqRhfWBjiaxhQQRf1YIJj+8yM8tog6M6spEQEc6lwqY6NaKWa15LMrxtDl3jyb8mrEeKD9EZLqLxzxcIfVpy3TfZ2ZLxA8HbwRH4PtjcEN1nta11wsf4bOChPquGmvELgDe+yw0JHAxhc4rfZjuuQ09j9QuHMgZZ1G3hszButkcRlxnVoq5iPnSN0wxCtN/sMNOJCxusmuku0nlrIZ+HQNQPHea1+WWnaYrIoWLUJGcAFCy6bYP5NYnWpLe9HHXYuduUdDZ9kzH1POgLS5jFpT8fnCsFeG8UMa5bhYT/Y7mvCPT4bju6dUOkNNypY5KQhyBe20MU20tIP1uR2cftiJ8okSD5HL8RqYFceQI56NTQtqQf9d6JrUfd7gtFJTo56hVC5MjUJlq3CjSy+S6mm+qiz020yjoTbT/KQZEg5QM6lCrQT2J3AjdhHg+fSYt/+I+4lv/XFPi+Lige4P0cB5fZiZ+vw/+/SOgb1cdQ6Q9wMumt2cmitwSpIlaen2jLJpJKYt17/+gc6+Ox3c/BWuiLDV1wz3+rGB+M0KVhD3/ir+W9FlMJolaoQTWxIwTU5nw2m4i4YY1HZJ5V7HXucZ9MulkI1rkzOJLde1YmcVr30gwPFdu8d+4nKHMkUfw== anm",
            "tags": {},
            "tags_all": {}
          },
          "sensitive_attributes": [],
          "private": "eyJzY2hlbWFfdmVyc2lvbiI6IjEifQ=="
        }
      ]
    },
    {
      "mode": "managed",
      "type": "aws_lb_listener",
      "name": "listener",
      "provider": "provider[\"registry.terraform.io/hashicorp/aws\"]",
      "instances": [
        {
          "schema_version": 0,
          "attributes": {
            "alpn_policy": null,
            "arn": "arn:aws:elasticloadbalancing:eu-central-1:934086672967:listener/app/what-backend-release-alb/abd8fc5f719c700f/76f98fbd14ec34cb",
            "certificate_arn": null,
            "default_action": [
              {
                "authenticate_cognito": [],
                "authenticate_oidc": [],
                "fixed_response": [],
                "forward": [],
                "order": 1,
                "redirect": [],
                "target_group_arn": "arn:aws:elasticloadbalancing:eu-central-1:934086672967:targetgroup/what-backend-release-tg/e5c379d7782863af",
                "type": "forward"
              }
            ],
            "id": "arn:aws:elasticloadbalancing:eu-central-1:934086672967:listener/app/what-backend-release-alb/abd8fc5f719c700f/76f98fbd14ec34cb",
            "load_balancer_arn": "arn:aws:elasticloadbalancing:eu-central-1:934086672967:loadbalancer/app/what-backend-release-alb/abd8fc5f719c700f",
            "port": 80,
            "protocol": "HTTP",
            "ssl_policy": "",
            "tags": {},
            "tags_all": {},
            "timeouts": null
          },
          "sensitive_attributes": [],
          "private": "eyJlMmJmYjczMC1lY2FhLTExZTYtOGY4OC0zNDM2M2JjN2M0YzAiOnsicmVhZCI6NjAwMDAwMDAwMDAwfX0=",
          "dependencies": [
            "aws_alb.application_load_balancer",
            "aws_lb_target_group.target_group",
            "aws_security_group.load_balancer_security_group",
            "aws_subnet.public",
            "aws_vpc.aws-vpc"
          ]
        }
      ]
    },
    {
      "mode": "managed",
      "type": "aws_lb_listener",
      "name": "listener_panel",
      "provider": "provider[\"registry.terraform.io/hashicorp/aws\"]",
      "instances": [
        {
          "schema_version": 0,
          "attributes": {
            "alpn_policy": null,
            "arn": "arn:aws:elasticloadbalancing:eu-central-1:934086672967:listener/app/what-backend-release-panel-alb/d4f00f463c1e8b5c/31e7aa46c425d2e7",
            "certificate_arn": null,
            "default_action": [
              {
                "authenticate_cognito": [],
                "authenticate_oidc": [],
                "fixed_response": [],
                "forward": [],
                "order": 1,
                "redirect": [],
                "target_group_arn": "arn:aws:elasticloadbalancing:eu-central-1:934086672967:targetgroup/what-backend-release-panel-tg/7853fe2eac59a243",
                "type": "forward"
              }
            ],
            "id": "arn:aws:elasticloadbalancing:eu-central-1:934086672967:listener/app/what-backend-release-panel-alb/d4f00f463c1e8b5c/31e7aa46c425d2e7",
            "load_balancer_arn": "arn:aws:elasticloadbalancing:eu-central-1:934086672967:loadbalancer/app/what-backend-release-panel-alb/d4f00f463c1e8b5c",
            "port": 80,
            "protocol": "HTTP",
            "ssl_policy": "",
            "tags": {},
            "tags_all": {},
            "timeouts": null
          },
          "sensitive_attributes": [],
          "private": "eyJlMmJmYjczMC1lY2FhLTExZTYtOGY4OC0zNDM2M2JjN2M0YzAiOnsicmVhZCI6NjAwMDAwMDAwMDAwfX0=",
          "dependencies": [
            "aws_alb.application_load_balancer_panel",
            "aws_lb_target_group.target_group_panel",
            "aws_security_group.load_balancer_security_group",
            "aws_subnet.public",
            "aws_vpc.aws-vpc"
          ]
        }
      ]
    },
    {
      "mode": "managed",
      "type": "aws_lb_target_group",
      "name": "target_group",
      "provider": "provider[\"registry.terraform.io/hashicorp/aws\"]",
      "instances": [
        {
          "schema_version": 0,
          "attributes": {
            "arn": "arn:aws:elasticloadbalancing:eu-central-1:934086672967:targetgroup/what-backend-release-tg/e5c379d7782863af",
            "arn_suffix": "targetgroup/what-backend-release-tg/e5c379d7782863af",
            "connection_termination": false,
            "deregistration_delay": "300",
            "health_check": [
              {
                "enabled": true,
                "healthy_threshold": 6,
                "interval": 300,
                "matcher": "200",
                "path": "/api/v1/accounts",
                "port": "traffic-port",
                "protocol": "HTTP",
                "timeout": 5,
                "unhealthy_threshold": 5
              }
            ],
            "id": "arn:aws:elasticloadbalancing:eu-central-1:934086672967:targetgroup/what-backend-release-tg/e5c379d7782863af",
            "lambda_multi_value_headers_enabled": false,
            "load_balancing_algorithm_type": "round_robin",
            "name": "what-backend-release-tg",
            "name_prefix": null,
            "port": 80,
            "preserve_client_ip": null,
            "protocol": "HTTP",
            "protocol_version": "HTTP1",
            "proxy_protocol_v2": false,
            "slow_start": 0,
            "stickiness": [
              {
                "cookie_duration": 86400,
                "cookie_name": "",
                "enabled": false,
                "type": "lb_cookie"
              }
            ],
            "tags": {
              "Environment": "release",
              "Name": "what-backend-lb-tg"
            },
            "tags_all": {
              "Environment": "release",
              "Name": "what-backend-lb-tg"
            },
            "target_type": "ip",
            "vpc_id": "vpc-016d7d38c79f3ed07"
          },
          "sensitive_attributes": [],
          "private": "bnVsbA==",
          "dependencies": [
            "aws_vpc.aws-vpc"
          ]
        }
      ]
    },
    {
      "mode": "managed",
      "type": "aws_lb_target_group",
      "name": "target_group_panel",
      "provider": "provider[\"registry.terraform.io/hashicorp/aws\"]",
      "instances": [
        {
          "schema_version": 0,
          "attributes": {
            "arn": "arn:aws:elasticloadbalancing:eu-central-1:934086672967:targetgroup/what-backend-release-panel-tg/7853fe2eac59a243",
            "arn_suffix": "targetgroup/what-backend-release-panel-tg/7853fe2eac59a243",
            "connection_termination": false,
            "deregistration_delay": "300",
            "health_check": [
              {
                "enabled": true,
                "healthy_threshold": 6,
                "interval": 300,
                "matcher": "200",
                "path": "/",
                "port": "traffic-port",
                "protocol": "HTTP",
                "timeout": 5,
                "unhealthy_threshold": 5
              }
            ],
            "id": "arn:aws:elasticloadbalancing:eu-central-1:934086672967:targetgroup/what-backend-release-panel-tg/7853fe2eac59a243",
            "lambda_multi_value_headers_enabled": false,
            "load_balancing_algorithm_type": "round_robin",
            "name": "what-backend-release-panel-tg",
            "name_prefix": null,
            "port": 80,
            "preserve_client_ip": null,
            "protocol": "HTTP",
            "protocol_version": "HTTP1",
            "proxy_protocol_v2": false,
            "slow_start": 0,
            "stickiness": [
              {
                "cookie_duration": 86400,
                "cookie_name": "",
                "enabled": false,
                "type": "lb_cookie"
              }
            ],
            "tags": {
              "Environment": "release",
              "Name": "what-backend-panel-lb-tg"
            },
            "tags_all": {
              "Environment": "release",
              "Name": "what-backend-panel-lb-tg"
            },
            "target_type": "ip",
            "vpc_id": "vpc-016d7d38c79f3ed07"
          },
          "sensitive_attributes": [],
          "private": "bnVsbA==",
          "dependencies": [
            "aws_vpc.aws-vpc"
          ]
        }
      ]
    },
    {
      "mode": "managed",
      "type": "aws_route",
      "name": "public",
      "provider": "provider[\"registry.terraform.io/hashicorp/aws\"]",
      "instances": [
        {
          "schema_version": 0,
          "attributes": {
            "carrier_gateway_id": "",
            "destination_cidr_block": "0.0.0.0/0",
            "destination_ipv6_cidr_block": "",
            "destination_prefix_list_id": "",
            "egress_only_gateway_id": "",
            "gateway_id": "igw-05a8eb22d595aeb27",
            "id": "r-rtb-0390bc813daa5ff161080289494",
            "instance_id": "",
            "instance_owner_id": "",
            "local_gateway_id": "",
            "nat_gateway_id": "",
            "network_interface_id": "",
            "origin": "CreateRoute",
            "route_table_id": "rtb-0390bc813daa5ff16",
            "state": "active",
            "timeouts": null,
            "transit_gateway_id": "",
            "vpc_endpoint_id": "",
            "vpc_peering_connection_id": ""
          },
          "sensitive_attributes": [],
          "private": "eyJlMmJmYjczMC1lY2FhLTExZTYtOGY4OC0zNDM2M2JjN2M0YzAiOnsiY3JlYXRlIjozMDAwMDAwMDAwMDAsImRlbGV0ZSI6MzAwMDAwMDAwMDAwLCJ1cGRhdGUiOjEyMDAwMDAwMDAwMH19",
          "dependencies": [
            "aws_internet_gateway.aws-igw",
            "aws_route_table.public",
            "aws_vpc.aws-vpc"
          ]
        }
      ]
    },
    {
      "mode": "managed",
      "type": "aws_route_table",
      "name": "public",
      "provider": "provider[\"registry.terraform.io/hashicorp/aws\"]",
      "instances": [
        {
          "schema_version": 0,
          "attributes": {
            "arn": "arn:aws:ec2:eu-central-1:934086672967:route-table/rtb-0390bc813daa5ff16",
            "id": "rtb-0390bc813daa5ff16",
            "owner_id": "934086672967",
            "propagating_vgws": [],
            "route": [
              {
                "carrier_gateway_id": "",
                "cidr_block": "0.0.0.0/0",
                "destination_prefix_list_id": "",
                "egress_only_gateway_id": "",
                "gateway_id": "igw-05a8eb22d595aeb27",
                "instance_id": "",
                "ipv6_cidr_block": "",
                "local_gateway_id": "",
                "nat_gateway_id": "",
                "network_interface_id": "",
                "transit_gateway_id": "",
                "vpc_endpoint_id": "",
                "vpc_peering_connection_id": ""
              }
            ],
            "tags": {
              "Environment": "release",
              "Name": "what-backend-routing-table-public"
            },
            "tags_all": {
              "Environment": "release",
              "Name": "what-backend-routing-table-public"
            },
            "timeouts": null,
            "vpc_id": "vpc-016d7d38c79f3ed07"
          },
          "sensitive_attributes": [],
          "private": "eyJlMmJmYjczMC1lY2FhLTExZTYtOGY4OC0zNDM2M2JjN2M0YzAiOnsiY3JlYXRlIjozMDAwMDAwMDAwMDAsImRlbGV0ZSI6MzAwMDAwMDAwMDAwLCJ1cGRhdGUiOjEyMDAwMDAwMDAwMH19",
          "dependencies": [
            "aws_vpc.aws-vpc"
          ]
        }
      ]
    },
    {
      "mode": "managed",
      "type": "aws_route_table_association",
      "name": "jenkins_subnet",
      "provider": "provider[\"registry.terraform.io/hashicorp/aws\"]",
      "instances": [
        {
          "index_key": 0,
          "schema_version": 0,
          "attributes": {
            "gateway_id": "",
            "id": "rtbassoc-0b9dd412d68be3cda",
            "route_table_id": "rtb-0390bc813daa5ff16",
            "subnet_id": "subnet-0c2841529078d3621"
          },
          "sensitive_attributes": [],
          "private": "bnVsbA==",
          "dependencies": [
            "aws_route_table.public",
            "aws_subnet.jenkins_subnet",
            "aws_vpc.aws-vpc"
          ]
        },
        {
          "index_key": 1,
          "schema_version": 0,
          "attributes": {
            "gateway_id": "",
            "id": "rtbassoc-0b9dd412d68be3cda",
            "route_table_id": "rtb-0390bc813daa5ff16",
            "subnet_id": "subnet-0c2841529078d3621"
          },
          "sensitive_attributes": [],
          "private": "bnVsbA==",
          "dependencies": [
            "aws_route_table.public",
            "aws_subnet.jenkins_subnet",
            "aws_vpc.aws-vpc"
          ]
        }
      ]
    },
    {
      "mode": "managed",
      "type": "aws_route_table_association",
      "name": "public",
      "provider": "provider[\"registry.terraform.io/hashicorp/aws\"]",
      "instances": [
        {
          "index_key": 0,
          "schema_version": 0,
          "attributes": {
            "gateway_id": "",
            "id": "rtbassoc-057218bd0d7245b7c",
            "route_table_id": "rtb-0390bc813daa5ff16",
            "subnet_id": "subnet-0b382db18bdff1d2a"
          },
          "sensitive_attributes": [],
          "private": "bnVsbA==",
          "dependencies": [
            "aws_route_table.public",
            "aws_subnet.public",
            "aws_vpc.aws-vpc"
          ]
        },
        {
          "index_key": 1,
          "schema_version": 0,
          "attributes": {
            "gateway_id": "",
            "id": "rtbassoc-05622c9893bdc6602",
            "route_table_id": "rtb-0390bc813daa5ff16",
            "subnet_id": "subnet-0911abce1050d1e25"
          },
          "sensitive_attributes": [],
          "private": "bnVsbA==",
          "dependencies": [
            "aws_route_table.public",
            "aws_subnet.public",
            "aws_vpc.aws-vpc"
          ]
        }
      ]
    },
    {
      "mode": "managed",
      "type": "aws_s3_bucket",
      "name": "this",
      "provider": "provider[\"registry.terraform.io/hashicorp/aws\"]",
      "instances": [
        {
          "schema_version": 0,
          "attributes": {
            "acceleration_status": "",
            "acl": "public-read",
            "arn": "arn:aws:s3:::what-front-anm",
            "bucket": "what-front-anm",
            "bucket_domain_name": "what-front-anm.s3.amazonaws.com",
            "bucket_prefix": null,
            "bucket_regional_domain_name": "what-front-anm.s3.eu-central-1.amazonaws.com",
            "cors_rule": [],
            "force_destroy": true,
            "grant": [],
            "hosted_zone_id": "Z21DNDUVLTQW6Q",
            "id": "what-front-anm",
            "lifecycle_rule": [],
            "logging": [],
            "object_lock_configuration": [],
            "policy": "{\"Statement\":[{\"Action\":\"s3:GetObject\",\"Effect\":\"Allow\",\"Principal\":\"*\",\"Resource\":[\"arn:aws:s3:::what-front-anm/*\"],\"Sid\":\"PublicReadForGetBucketObjects\"}],\"Version\":\"2012-10-17\"}",
            "region": "eu-central-1",
            "replication_configuration": [],
            "request_payer": "BucketOwner",
            "server_side_encryption_configuration": [],
            "tags": {},
            "tags_all": {},
            "versioning": [
              {
                "enabled": false,
                "mfa_delete": false
              }
            ],
            "website": [],
            "website_domain": null,
            "website_endpoint": null
          },
          "sensitive_attributes": [],
          "private": "bnVsbA=="
        }
      ]
    },
    {
      "mode": "managed",
      "type": "aws_security_group",
      "name": "load_balancer_security_group",
      "provider": "provider[\"registry.terraform.io/hashicorp/aws\"]",
      "instances": [
        {
          "schema_version": 1,
          "attributes": {
            "arn": "arn:aws:ec2:eu-central-1:934086672967:security-group/sg-06a7142f72c4787fc",
            "description": "Managed by Terraform",
            "egress": [
              {
                "cidr_blocks": [
                  "0.0.0.0/0"
                ],
                "description": "",
                "from_port": 0,
                "ipv6_cidr_blocks": [
                  "::/0"
                ],
                "prefix_list_ids": [],
                "protocol": "-1",
                "security_groups": [],
                "self": false,
                "to_port": 0
              }
            ],
            "id": "sg-06a7142f72c4787fc",
            "ingress": [
              {
                "cidr_blocks": [
                  "0.0.0.0/0"
                ],
                "description": "",
                "from_port": 443,
                "ipv6_cidr_blocks": [
                  "::/0"
                ],
                "prefix_list_ids": [],
                "protocol": "tcp",
                "security_groups": [],
                "self": false,
                "to_port": 443
              },
              {
                "cidr_blocks": [
                  "0.0.0.0/0"
                ],
                "description": "",
                "from_port": 80,
                "ipv6_cidr_blocks": [
                  "::/0"
                ],
                "prefix_list_ids": [],
                "protocol": "tcp",
                "security_groups": [],
                "self": false,
                "to_port": 80
              }
            ],
            "name": "terraform-20220216125533530800000004",
            "name_prefix": "terraform-",
            "owner_id": "934086672967",
            "revoke_rules_on_delete": false,
            "tags": {
              "Environment": "release",
              "Name": "what-backend-sg"
            },
            "tags_all": {
              "Environment": "release",
              "Name": "what-backend-sg"
            },
            "timeouts": null,
            "vpc_id": "vpc-016d7d38c79f3ed07"
          },
          "sensitive_attributes": [],
          "private": "eyJlMmJmYjczMC1lY2FhLTExZTYtOGY4OC0zNDM2M2JjN2M0YzAiOnsiY3JlYXRlIjo2MDAwMDAwMDAwMDAsImRlbGV0ZSI6OTAwMDAwMDAwMDAwfSwic2NoZW1hX3ZlcnNpb24iOiIxIn0=",
          "dependencies": [
            "aws_vpc.aws-vpc"
          ]
        }
      ]
    },
    {
      "mode": "managed",
      "type": "aws_security_group",
      "name": "private_rds",
      "provider": "provider[\"registry.terraform.io/hashicorp/aws\"]",
      "instances": [
        {
          "schema_version": 1,
          "attributes": {
            "arn": "arn:aws:ec2:eu-central-1:934086672967:security-group/sg-00424a0e946918958",
            "description": "Managed by Terraform",
            "egress": [
              {
                "cidr_blocks": [
                  "0.0.0.0/0"
                ],
                "description": "",
                "from_port": 0,
                "ipv6_cidr_blocks": [
                  "::/0"
                ],
                "prefix_list_ids": [],
                "protocol": "-1",
                "security_groups": [],
                "self": false,
                "to_port": 0
              }
            ],
            "id": "sg-00424a0e946918958",
            "ingress": [
              {
                "cidr_blocks": [
                  "0.0.0.0/0"
                ],
                "description": "",
                "from_port": 3306,
                "ipv6_cidr_blocks": [
                  "::/0"
                ],
                "prefix_list_ids": [],
                "protocol": "tcp",
                "security_groups": [],
                "self": false,
                "to_port": 3306
              }
            ],
            "name": "terraform-20220216125533522700000003",
            "name_prefix": "terraform-",
            "owner_id": "934086672967",
            "revoke_rules_on_delete": false,
            "tags": {
              "Environment": "release",
              "Name": "what-backend-sg"
            },
            "tags_all": {
              "Environment": "release",
              "Name": "what-backend-sg"
            },
            "timeouts": null,
            "vpc_id": "vpc-016d7d38c79f3ed07"
          },
          "sensitive_attributes": [],
          "private": "eyJlMmJmYjczMC1lY2FhLTExZTYtOGY4OC0zNDM2M2JjN2M0YzAiOnsiY3JlYXRlIjo2MDAwMDAwMDAwMDAsImRlbGV0ZSI6OTAwMDAwMDAwMDAwfSwic2NoZW1hX3ZlcnNpb24iOiIxIn0=",
          "dependencies": [
            "aws_vpc.aws-vpc"
          ]
        }
      ]
    },
    {
      "mode": "managed",
      "type": "aws_security_group",
      "name": "service_security_group",
      "provider": "provider[\"registry.terraform.io/hashicorp/aws\"]",
      "instances": [
        {
          "schema_version": 1,
          "attributes": {
            "arn": "arn:aws:ec2:eu-central-1:934086672967:security-group/sg-001580271e15cdf82",
            "description": "Managed by Terraform",
            "egress": [
              {
                "cidr_blocks": [
                  "0.0.0.0/0"
                ],
                "description": "",
                "from_port": 0,
                "ipv6_cidr_blocks": [
                  "::/0"
                ],
                "prefix_list_ids": [],
                "protocol": "-1",
                "security_groups": [],
                "self": false,
                "to_port": 0
              }
            ],
            "id": "sg-001580271e15cdf82",
            "ingress": [
              {
                "cidr_blocks": [],
                "description": "",
                "from_port": 0,
                "ipv6_cidr_blocks": [],
                "prefix_list_ids": [],
                "protocol": "-1",
                "security_groups": [
                  "sg-06a7142f72c4787fc"
                ],
                "self": false,
                "to_port": 0
              }
            ],
            "name": "terraform-20220216125537489500000005",
            "name_prefix": "terraform-",
            "owner_id": "934086672967",
            "revoke_rules_on_delete": false,
            "tags": {
              "Environment": "release",
              "Name": "what-backend-service-sg"
            },
            "tags_all": {
              "Environment": "release",
              "Name": "what-backend-service-sg"
            },
            "timeouts": null,
            "vpc_id": "vpc-016d7d38c79f3ed07"
          },
          "sensitive_attributes": [],
          "private": "eyJlMmJmYjczMC1lY2FhLTExZTYtOGY4OC0zNDM2M2JjN2M0YzAiOnsiY3JlYXRlIjo2MDAwMDAwMDAwMDAsImRlbGV0ZSI6OTAwMDAwMDAwMDAwfSwic2NoZW1hX3ZlcnNpb24iOiIxIn0=",
          "dependencies": [
            "aws_security_group.load_balancer_security_group",
            "aws_vpc.aws-vpc"
          ]
        }
      ]
    },
    {
      "mode": "managed",
      "type": "aws_security_group",
      "name": "web_traffic",
      "provider": "provider[\"registry.terraform.io/hashicorp/aws\"]",
      "instances": [
        {
          "schema_version": 1,
          "attributes": {
            "arn": "arn:aws:ec2:eu-central-1:934086672967:security-group/sg-0716849e65d668107",
            "description": "inbound ports for ssh and standard http and everything outbound",
            "egress": [
              {
                "cidr_blocks": [
                  "0.0.0.0/0"
                ],
                "description": "",
                "from_port": 0,
                "ipv6_cidr_blocks": [],
                "prefix_list_ids": [],
                "protocol": "-1",
                "security_groups": [],
                "self": false,
                "to_port": 0
              }
            ],
            "id": "sg-0716849e65d668107",
            "ingress": [
              {
                "cidr_blocks": [
                  "0.0.0.0/0"
                ],
                "description": "",
                "from_port": 22,
                "ipv6_cidr_blocks": [],
                "prefix_list_ids": [],
                "protocol": "tcp",
                "security_groups": [],
                "self": false,
                "to_port": 22
              },
              {
                "cidr_blocks": [
                  "0.0.0.0/0"
                ],
                "description": "",
                "from_port": 443,
                "ipv6_cidr_blocks": [],
                "prefix_list_ids": [],
                "protocol": "tcp",
                "security_groups": [],
                "self": false,
                "to_port": 443
              },
              {
                "cidr_blocks": [
                  "0.0.0.0/0"
                ],
                "description": "",
                "from_port": 50000,
                "ipv6_cidr_blocks": [],
                "prefix_list_ids": [],
                "protocol": "tcp",
                "security_groups": [],
                "self": false,
                "to_port": 50000
              },
              {
                "cidr_blocks": [
                  "0.0.0.0/0"
                ],
                "description": "",
                "from_port": 8000,
                "ipv6_cidr_blocks": [],
                "prefix_list_ids": [],
                "protocol": "tcp",
                "security_groups": [],
                "self": false,
                "to_port": 8000
              },
              {
                "cidr_blocks": [
                  "0.0.0.0/0"
                ],
                "description": "",
                "from_port": 8080,
                "ipv6_cidr_blocks": [],
                "prefix_list_ids": [],
                "protocol": "tcp",
                "security_groups": [],
                "self": false,
                "to_port": 8080
              },
              {
                "cidr_blocks": [
                  "0.0.0.0/0"
                ],
                "description": "",
                "from_port": 8081,
                "ipv6_cidr_blocks": [],
                "prefix_list_ids": [],
                "protocol": "tcp",
                "security_groups": [],
                "self": false,
                "to_port": 8081
              },
              {
                "cidr_blocks": [
                  "0.0.0.0/0"
                ],
                "description": "",
                "from_port": 80,
                "ipv6_cidr_blocks": [],
                "prefix_list_ids": [],
                "protocol": "tcp",
                "security_groups": [],
                "self": false,
                "to_port": 80
              },
              {
                "cidr_blocks": [
                  "0.0.0.0/0"
                ],
                "description": "",
                "from_port": 9000,
                "ipv6_cidr_blocks": [],
                "prefix_list_ids": [],
                "protocol": "tcp",
                "security_groups": [],
                "self": false,
                "to_port": 9000
              }
            ],
            "name": "Allow web traffic",
            "name_prefix": "",
            "owner_id": "934086672967",
            "revoke_rules_on_delete": false,
            "tags": {
              "Terraform": "true"
            },
            "tags_all": {
              "Terraform": "true"
            },
            "timeouts": null,
            "vpc_id": "vpc-016d7d38c79f3ed07"
          },
          "sensitive_attributes": [],
          "private": "eyJlMmJmYjczMC1lY2FhLTExZTYtOGY4OC0zNDM2M2JjN2M0YzAiOnsiY3JlYXRlIjo2MDAwMDAwMDAwMDAsImRlbGV0ZSI6OTAwMDAwMDAwMDAwfSwic2NoZW1hX3ZlcnNpb24iOiIxIn0=",
          "dependencies": [
            "aws_vpc.aws-vpc"
          ]
        }
      ]
    },
    {
      "mode": "managed",
      "type": "aws_subnet",
      "name": "jenkins_subnet",
      "provider": "provider[\"registry.terraform.io/hashicorp/aws\"]",
      "instances": [
        {
          "index_key": 0,
          "schema_version": 1,
          "attributes": {
            "arn": "arn:aws:ec2:eu-central-1:934086672967:subnet/subnet-0c2841529078d3621",
            "assign_ipv6_address_on_creation": false,
            "availability_zone": "eu-central-1a",
            "availability_zone_id": "euc1-az2",
            "cidr_block": "10.10.50.0/24",
            "customer_owned_ipv4_pool": "",
            "enable_dns64": false,
            "enable_resource_name_dns_a_record_on_launch": false,
            "enable_resource_name_dns_aaaa_record_on_launch": false,
            "id": "subnet-0c2841529078d3621",
            "ipv6_cidr_block": "",
            "ipv6_cidr_block_association_id": "",
            "ipv6_native": false,
            "map_customer_owned_ip_on_launch": false,
            "map_public_ip_on_launch": true,
            "outpost_arn": "",
            "owner_id": "934086672967",
            "private_dns_hostname_type_on_launch": "ip-name",
            "tags": {
              "Environment": "release",
              "Name": "what-backend-jenkins-subnet-1"
            },
            "tags_all": {
              "Environment": "release",
              "Name": "what-backend-jenkins-subnet-1"
            },
            "timeouts": null,
            "vpc_id": "vpc-016d7d38c79f3ed07"
          },
          "sensitive_attributes": [],
          "private": "eyJlMmJmYjczMC1lY2FhLTExZTYtOGY4OC0zNDM2M2JjN2M0YzAiOnsiY3JlYXRlIjo2MDAwMDAwMDAwMDAsImRlbGV0ZSI6MTIwMDAwMDAwMDAwMH0sInNjaGVtYV92ZXJzaW9uIjoiMSJ9",
          "dependencies": [
            "aws_vpc.aws-vpc"
          ]
        }
      ]
    },
    {
      "mode": "managed",
      "type": "aws_subnet",
      "name": "private",
      "provider": "provider[\"registry.terraform.io/hashicorp/aws\"]",
      "instances": [
        {
          "index_key": 0,
          "schema_version": 1,
          "attributes": {
            "arn": "arn:aws:ec2:eu-central-1:934086672967:subnet/subnet-02321646a3d866f04",
            "assign_ipv6_address_on_creation": false,
            "availability_zone": "eu-central-1a",
            "availability_zone_id": "euc1-az2",
            "cidr_block": "10.10.0.0/24",
            "customer_owned_ipv4_pool": "",
            "enable_dns64": false,
            "enable_resource_name_dns_a_record_on_launch": false,
            "enable_resource_name_dns_aaaa_record_on_launch": false,
            "id": "subnet-02321646a3d866f04",
            "ipv6_cidr_block": "",
            "ipv6_cidr_block_association_id": "",
            "ipv6_native": false,
            "map_customer_owned_ip_on_launch": false,
            "map_public_ip_on_launch": false,
            "outpost_arn": "",
            "owner_id": "934086672967",
            "private_dns_hostname_type_on_launch": "ip-name",
            "tags": {
              "Environment": "release",
              "Name": "what-backend-private-subnet-1"
            },
            "tags_all": {
              "Environment": "release",
              "Name": "what-backend-private-subnet-1"
            },
            "timeouts": null,
            "vpc_id": "vpc-016d7d38c79f3ed07"
          },
          "sensitive_attributes": [],
          "private": "eyJlMmJmYjczMC1lY2FhLTExZTYtOGY4OC0zNDM2M2JjN2M0YzAiOnsiY3JlYXRlIjo2MDAwMDAwMDAwMDAsImRlbGV0ZSI6MTIwMDAwMDAwMDAwMH0sInNjaGVtYV92ZXJzaW9uIjoiMSJ9",
          "dependencies": [
            "aws_vpc.aws-vpc"
          ]
        },
        {
          "index_key": 1,
          "schema_version": 1,
          "attributes": {
            "arn": "arn:aws:ec2:eu-central-1:934086672967:subnet/subnet-0b1337dacbf0db3d9",
            "assign_ipv6_address_on_creation": false,
            "availability_zone": "eu-central-1b",
            "availability_zone_id": "euc1-az3",
            "cidr_block": "10.10.1.0/24",
            "customer_owned_ipv4_pool": "",
            "enable_dns64": false,
            "enable_resource_name_dns_a_record_on_launch": false,
            "enable_resource_name_dns_aaaa_record_on_launch": false,
            "id": "subnet-0b1337dacbf0db3d9",
            "ipv6_cidr_block": "",
            "ipv6_cidr_block_association_id": "",
            "ipv6_native": false,
            "map_customer_owned_ip_on_launch": false,
            "map_public_ip_on_launch": false,
            "outpost_arn": "",
            "owner_id": "934086672967",
            "private_dns_hostname_type_on_launch": "ip-name",
            "tags": {
              "Environment": "release",
              "Name": "what-backend-private-subnet-2"
            },
            "tags_all": {
              "Environment": "release",
              "Name": "what-backend-private-subnet-2"
            },
            "timeouts": null,
            "vpc_id": "vpc-016d7d38c79f3ed07"
          },
          "sensitive_attributes": [],
          "private": "eyJlMmJmYjczMC1lY2FhLTExZTYtOGY4OC0zNDM2M2JjN2M0YzAiOnsiY3JlYXRlIjo2MDAwMDAwMDAwMDAsImRlbGV0ZSI6MTIwMDAwMDAwMDAwMH0sInNjaGVtYV92ZXJzaW9uIjoiMSJ9",
          "dependencies": [
            "aws_vpc.aws-vpc"
          ]
        }
      ]
    },
    {
      "mode": "managed",
      "type": "aws_subnet",
      "name": "public",
      "provider": "provider[\"registry.terraform.io/hashicorp/aws\"]",
      "instances": [
        {
          "index_key": 0,
          "schema_version": 1,
          "attributes": {
            "arn": "arn:aws:ec2:eu-central-1:934086672967:subnet/subnet-0b382db18bdff1d2a",
            "assign_ipv6_address_on_creation": false,
            "availability_zone": "eu-central-1a",
            "availability_zone_id": "euc1-az2",
            "cidr_block": "10.10.100.0/24",
            "customer_owned_ipv4_pool": "",
            "enable_dns64": false,
            "enable_resource_name_dns_a_record_on_launch": false,
            "enable_resource_name_dns_aaaa_record_on_launch": false,
            "id": "subnet-0b382db18bdff1d2a",
            "ipv6_cidr_block": "",
            "ipv6_cidr_block_association_id": "",
            "ipv6_native": false,
            "map_customer_owned_ip_on_launch": false,
            "map_public_ip_on_launch": true,
            "outpost_arn": "",
            "owner_id": "934086672967",
            "private_dns_hostname_type_on_launch": "ip-name",
            "tags": {
              "Environment": "release",
              "Name": "what-backend-public-subnet-1"
            },
            "tags_all": {
              "Environment": "release",
              "Name": "what-backend-public-subnet-1"
            },
            "timeouts": null,
            "vpc_id": "vpc-016d7d38c79f3ed07"
          },
          "sensitive_attributes": [],
          "private": "eyJlMmJmYjczMC1lY2FhLTExZTYtOGY4OC0zNDM2M2JjN2M0YzAiOnsiY3JlYXRlIjo2MDAwMDAwMDAwMDAsImRlbGV0ZSI6MTIwMDAwMDAwMDAwMH0sInNjaGVtYV92ZXJzaW9uIjoiMSJ9",
          "dependencies": [
            "aws_vpc.aws-vpc"
          ]
        },
        {
          "index_key": 1,
          "schema_version": 1,
          "attributes": {
            "arn": "arn:aws:ec2:eu-central-1:934086672967:subnet/subnet-0911abce1050d1e25",
            "assign_ipv6_address_on_creation": false,
            "availability_zone": "eu-central-1b",
            "availability_zone_id": "euc1-az3",
            "cidr_block": "10.10.101.0/24",
            "customer_owned_ipv4_pool": "",
            "enable_dns64": false,
            "enable_resource_name_dns_a_record_on_launch": false,
            "enable_resource_name_dns_aaaa_record_on_launch": false,
            "id": "subnet-0911abce1050d1e25",
            "ipv6_cidr_block": "",
            "ipv6_cidr_block_association_id": "",
            "ipv6_native": false,
            "map_customer_owned_ip_on_launch": false,
            "map_public_ip_on_launch": true,
            "outpost_arn": "",
            "owner_id": "934086672967",
            "private_dns_hostname_type_on_launch": "ip-name",
            "tags": {
              "Environment": "release",
              "Name": "what-backend-public-subnet-2"
            },
            "tags_all": {
              "Environment": "release",
              "Name": "what-backend-public-subnet-2"
            },
            "timeouts": null,
            "vpc_id": "vpc-016d7d38c79f3ed07"
          },
          "sensitive_attributes": [],
          "private": "eyJlMmJmYjczMC1lY2FhLTExZTYtOGY4OC0zNDM2M2JjN2M0YzAiOnsiY3JlYXRlIjo2MDAwMDAwMDAwMDAsImRlbGV0ZSI6MTIwMDAwMDAwMDAwMH0sInNjaGVtYV92ZXJzaW9uIjoiMSJ9",
          "dependencies": [
            "aws_vpc.aws-vpc"
          ]
        }
      ]
    },
    {
      "mode": "managed",
      "type": "aws_vpc",
      "name": "aws-vpc",
      "provider": "provider[\"registry.terraform.io/hashicorp/aws\"]",
      "instances": [
        {
          "schema_version": 1,
          "attributes": {
            "arn": "arn:aws:ec2:eu-central-1:934086672967:vpc/vpc-016d7d38c79f3ed07",
            "assign_generated_ipv6_cidr_block": false,
            "cidr_block": "10.10.0.0/16",
            "default_network_acl_id": "acl-04e7a7a914d2f7b75",
            "default_route_table_id": "rtb-0329ec76836636b24",
            "default_security_group_id": "sg-0c35922ad42816db0",
            "dhcp_options_id": "dopt-08d8c28e770c82197",
            "enable_classiclink": false,
            "enable_classiclink_dns_support": false,
            "enable_dns_hostnames": true,
            "enable_dns_support": true,
            "id": "vpc-016d7d38c79f3ed07",
            "instance_tenancy": "default",
            "ipv4_ipam_pool_id": null,
            "ipv4_netmask_length": null,
            "ipv6_association_id": "",
            "ipv6_cidr_block": "",
            "ipv6_cidr_block_network_border_group": "",
            "ipv6_ipam_pool_id": "",
            "ipv6_netmask_length": 0,
            "main_route_table_id": "rtb-0329ec76836636b24",
            "owner_id": "934086672967",
            "tags": {
              "Environment": "release",
              "Name": "what-backend-vpc"
            },
            "tags_all": {
              "Environment": "release",
              "Name": "what-backend-vpc"
            }
          },
          "sensitive_attributes": [],
          "private": "eyJzY2hlbWFfdmVyc2lvbiI6IjEifQ=="
        }
      ]
    },
    {
      "mode": "managed",
      "type": "null_resource",
      "name": "setup_db1q",
      "provider": "provider[\"registry.terraform.io/hashicorp/null\"]",
      "instances": [
        {
          "schema_version": 0,
          "attributes": {
            "id": "3637913268065024076",
            "triggers": null
          },
          "sensitive_attributes": [],
          "private": "bnVsbA==",
          "dependencies": [
            "aws_db_instance.default",
            "aws_db_subnet_group.default",
            "aws_security_group.private_rds",
            "aws_subnet.public",
            "aws_vpc.aws-vpc"
          ]
        }
      ]
    },
    {
      "mode": "managed",
      "type": "null_resource",
      "name": "setup_db2q",
      "provider": "provider[\"registry.terraform.io/hashicorp/null\"]",
      "instances": [
        {
          "schema_version": 0,
          "attributes": {
            "id": "8977104734599639723",
            "triggers": null
          },
          "sensitive_attributes": [],
          "private": "bnVsbA==",
          "dependencies": [
            "aws_db_instance.default",
            "aws_db_subnet_group.default",
            "aws_security_group.private_rds",
            "aws_subnet.public",
            "aws_vpc.aws-vpc",
            "null_resource.setup_db1q"
          ]
        }
      ]
    },
    {
      "mode": "managed",
      "type": "null_resource",
      "name": "setup_db3q",
      "provider": "provider[\"registry.terraform.io/hashicorp/null\"]",
      "instances": [
        {
          "schema_version": 0,
          "attributes": {
            "id": "6986354960459117506",
            "triggers": null
          },
          "sensitive_attributes": [],
          "private": "bnVsbA==",
          "dependencies": [
            "aws_db_instance.default",
            "aws_db_subnet_group.default",
            "aws_security_group.private_rds",
            "aws_subnet.public",
            "aws_vpc.aws-vpc",
            "null_resource.setup_db1q",
            "null_resource.setup_db2q"
          ]
        }
      ]
    },
    {
      "mode": "managed",
      "type": "null_resource",
      "name": "setup_db4q",
      "provider": "provider[\"registry.terraform.io/hashicorp/null\"]",
      "instances": [
        {
          "schema_version": 0,
          "attributes": {
            "id": "3096493142966016852",
            "triggers": null
          },
          "sensitive_attributes": [],
          "private": "bnVsbA==",
          "dependencies": [
            "aws_db_instance.default",
            "aws_db_subnet_group.default",
            "aws_security_group.private_rds",
            "aws_subnet.public",
            "aws_vpc.aws-vpc",
            "null_resource.setup_db1q",
            "null_resource.setup_db2q",
            "null_resource.setup_db3q"
          ]
        }
      ]
    },
    {
      "mode": "managed",
      "type": "null_resource",
      "name": "setup_db5q",
      "provider": "provider[\"registry.terraform.io/hashicorp/null\"]",
      "instances": [
        {
          "schema_version": 0,
          "attributes": {
            "id": "32681152527283172",
            "triggers": null
          },
          "sensitive_attributes": [],
          "private": "bnVsbA==",
          "dependencies": [
            "aws_db_instance.default",
            "aws_db_subnet_group.default",
            "aws_security_group.private_rds",
            "aws_subnet.public",
            "aws_vpc.aws-vpc",
            "null_resource.setup_db1q",
            "null_resource.setup_db2q",
            "null_resource.setup_db3q",
            "null_resource.setup_db4q"
          ]
        }
      ]
    },
    {
      "mode": "managed",
      "type": "null_resource",
      "name": "setup_db6q",
      "provider": "provider[\"registry.terraform.io/hashicorp/null\"]",
      "instances": [
        {
          "schema_version": 0,
          "attributes": {
            "id": "5235736642364104758",
            "triggers": null
          },
          "sensitive_attributes": [],
          "private": "bnVsbA==",
          "dependencies": [
            "aws_db_instance.default",
            "aws_db_subnet_group.default",
            "aws_security_group.private_rds",
            "aws_subnet.public",
            "aws_vpc.aws-vpc",
            "null_resource.setup_db1q",
            "null_resource.setup_db2q",
            "null_resource.setup_db3q",
            "null_resource.setup_db4q",
            "null_resource.setup_db5q"
          ]
        }
      ]
    },
    {
      "mode": "managed",
      "type": "null_resource",
      "name": "setup_db7q",
      "provider": "provider[\"registry.terraform.io/hashicorp/null\"]",
      "instances": [
        {
          "schema_version": 0,
          "attributes": {
            "id": "6437130933562997316",
            "triggers": null
          },
          "sensitive_attributes": [],
          "private": "bnVsbA==",
          "dependencies": [
            "aws_db_instance.default",
            "aws_db_subnet_group.default",
            "aws_security_group.private_rds",
            "aws_subnet.public",
            "aws_vpc.aws-vpc",
            "null_resource.setup_db1q",
            "null_resource.setup_db2q",
            "null_resource.setup_db3q",
            "null_resource.setup_db4q",
            "null_resource.setup_db5q",
            "null_resource.setup_db6q"
          ]
        }
      ]
    },
    {
      "mode": "managed",
      "type": "null_resource",
      "name": "setup_db8q",
      "provider": "provider[\"registry.terraform.io/hashicorp/null\"]",
      "instances": [
        {
          "schema_version": 0,
          "attributes": {
            "id": "3886475980183267119",
            "triggers": null
          },
          "sensitive_attributes": [],
          "private": "bnVsbA==",
          "dependencies": [
            "aws_db_instance.default",
            "aws_db_subnet_group.default",
            "aws_security_group.private_rds",
            "aws_subnet.public",
            "aws_vpc.aws-vpc",
            "null_resource.setup_db1q",
            "null_resource.setup_db2q",
            "null_resource.setup_db3q",
            "null_resource.setup_db4q",
            "null_resource.setup_db5q",
            "null_resource.setup_db6q",
            "null_resource.setup_db7q"
          ]
        }
      ]
    },
    {
      "mode": "managed",
      "type": "null_resource",
      "name": "setup_db9q",
      "provider": "provider[\"registry.terraform.io/hashicorp/null\"]",
      "instances": [
        {
          "schema_version": 0,
          "attributes": {
            "id": "489258302270392707",
            "triggers": null
          },
          "sensitive_attributes": [],
          "private": "bnVsbA==",
          "dependencies": [
            "aws_db_instance.default",
            "aws_db_subnet_group.default",
            "aws_security_group.private_rds",
            "aws_subnet.public",
            "aws_vpc.aws-vpc",
            "null_resource.setup_db1q",
            "null_resource.setup_db2q",
            "null_resource.setup_db3q",
            "null_resource.setup_db4q",
            "null_resource.setup_db5q",
            "null_resource.setup_db6q",
            "null_resource.setup_db7q",
            "null_resource.setup_db8q"
          ]
        }
      ]
    }
  ]
}
